{
  "lockfile_version": "1",
  "packages": {
    "asciinema-agg@1.9.0": {
      "last_modified": "2026-05-31T16:57:23Z",
      "resolved": "github:NixOS/nixpkgs/3109eaae18e09d0b8aef23dc2579e7d94b8d4b4e#asciinema-agg",
      "source": "devbox-search",
      "version": "1.9.0",
      "systems": {
        "aarch64-darwin": {
          "outputs": [
            {
              "name": "out",
              "path": "/nix/store/niyanwmjdkqc1f5r4l16nb66gwbqij47-agg-1.9.0",
              "default": true
            }
          ],
          "store_path": "/nix/store/niyanwmjdkqc1f5r4l16nb66gwbqij47-agg-1.9.0"
        },
        "aarch64-linux": {
          "outputs": [
            {
              "name": "out",
              "path": "/nix/store/25ss0jma3mnna0hbvw857lsphnsgwbc2-agg-1.9.0",
              "default": true
            }
          ],
          "store_path": "/nix/store/25ss0jma3mnna0hbvw857lsphnsgwbc2-agg-1.9.0"
        },
        "x86_64-darwin": {
          "outputs": [
            {
              "name": "out",
              "path": "/nix/store/byja6iy9x6i1ywcpl8i0xp90mf65hc4q-agg-1.9.0",
              "default": true
            }
          ],
          "store_path": "/nix/store/byja6iy9x6i1ywcpl8i0xp90mf65hc4q-agg-1.9.0"
        },
        "x86_64-linux": {
          "outputs": [
            {
              "name": "out",
              "path": "/nix/store/x841fn3vdgagrya35rlvjwj706d5pgbj-agg-1.9.0",
              "default": true
            }
          ],
          "store_path": "/nix/store/x841fn3vdgagrya35rlvjwj706d5pgbj-agg-1.9.0"
        }
      }
    },
    "asciinema@3.2.1": {
      "last_modified": "2026-07-23T05:10:05Z",
      "resolved": "github:NixOS/nixpkgs/7525d999cd850b9a488817abc89c75dc733acf17#asciinema",
      "source": "devbox-search",
      "version": "3.2.1",
      "systems": {
        "aarch64-darwin": {
          "outputs": [
            {
              "name": "out",
              "path": "/nix/store/1w1zdfimlj1b7hpm6fzhgi6admphibq3-asciinema-3.2.1",
              "default": true
            }
          ],
          "store_path": "/nix/store/1w1zdfimlj1b7hpm6fzhgi6admphibq3-asciinema-3.2.1"
        },
        "aarch64-linux": {
          "outputs": [
            {
              "name": "out",
              "path": "/nix/store/68vjhfifd0x3kw3rb4vbm6ijz1vvfh3s-asciinema-3.2.1",
              "default": true
            }
          ],
          "store_path": "/nix/store/68vjhfifd0x3kw3rb4vbm6ijz1vvfh3s-asciinema-3.2.1"
        },
        "x86_64-darwin": {
          "outputs": [
            {
              "name": "out",
              "path": "/nix/store/dm5ykwi5qlimwjsacby2b1x470da221i-asciinema-3.2.1",
              "default": true
            }
          ],
          "store_path": "/nix/store/dm5ykwi5qlimwjsacby2b1x470da221i-asciinema-3.2.1"
        },
        "x86_64-linux": {
          "outputs": [
            {
              "name": "out",
              "path": "/nix/store/08pa276wls6h7ljywgy1gm19hw9vq8ls-asciinema-3.2.1",
              "default": true
            }
          ],
          "store_path": "/nix/store/08pa276wls6h7ljywgy1gm19hw9vq8ls-asciinema-3.2.1"
        }
      }
    },
    "cargo-nextest@0.9.140": {
      "last_modified": "2026-07-23T05:10:05Z",
      "resolved": "github:NixOS/nixpkgs/7525d999cd850b9a488817abc89c75dc733acf17#cargo-nextest",
      "source": "devbox-search",
      "version": "0.9.140",
      "systems": {
        "aarch64-darwin": {
          "outputs": [
            {
              "name": "out",
              "path": "/nix/store/s5zjmgk3ipcr6i8xm9qbpdjbn17zdb0s-cargo-nextest-0.9.140",
              "default": true
            }
          ],
          "store_path": "/nix/store/s5zjmgk3ipcr6i8xm9qbpdjbn17zdb0s-cargo-nextest-0.9.140"
        },
        "aarch64-linux": {
          "outputs": [
            {
              "name": "out",
              "path": "/nix/store/mpw7szwlskqrczc3kykvrm2110c9id81-cargo-nextest-0.9.140",
              "default": true
            }
          ],
          "store_path": "/nix/store/mpw7szwlskqrczc3kykvrm2110c9id81-cargo-nextest-0.9.140"
        },
        "x86_64-linux": {
          "outputs": [
            {
              "name": "out",
              "path": "/nix/store/cpfrbx4hcxrlyy9zlxy5iiv74lfn6q33-cargo-nextest-0.9.140",
              "default": true
            }
          ],
          "store_path": "/nix/store/cpfrbx4hcxrlyy9zlxy5iiv74lfn6q33-cargo-nextest-0.9.140"
        }
      }
    },
    "cargo@1.97.0": {
      "last_modified": "2026-07-23T05:10:05Z",
      "resolved": "github:NixOS/nixpkgs/7525d999cd850b9a488817abc89c75dc733acf17#cargo",
      "source": "devbox-search",
      "version": "1.97.0",
      "systems": {
        "aarch64-darwin": {
          "outputs": [
            {
              "name": "out",
              "path": "/nix/store/dl8ydfqs2ilm1p26baiqi6zh68jxsyii-cargo-1.97.0",
              "default": true
            }
          ],
          "store_path": "/nix/store/dl8ydfqs2ilm1p26baiqi6zh68jxsyii-cargo-1.97.0"
        },
        "aarch64-linux": {
          "outputs": [
            {
              "name": "out",
              "path": "/nix/store/lp3dyvgayzmnc1zdml5sq6iazfysd0az-cargo-1.97.0",
              "default": true
            }
          ],
          "store_path": "/nix/store/lp3dyvgayzmnc1zdml5sq6iazfysd0az-cargo-1.97.0"
        },
        "x86_64-linux": {
          "outputs": [
            {
              "name": "out",
              "path": "/nix/store/l7v00m55rb130bhql2kr74pq8sdpl41c-cargo-1.97.0",
              "default": true
            }
          ],
          "store_path": "/nix/store/l7v00m55rb130bhql2kr74pq8sdpl41c-cargo-1.97.0"
        }
      }
    },
    "clippy@1.97.0": {
      "last_modified": "2026-07-23T05:10:05Z",
      "resolved": "github:NixOS/nixpkgs/7525d999cd850b9a488817abc89c75dc733acf17#clippy",
      "source": "devbox-search",
      "version": "1.97.0",
      "systems": {
        "aarch64-darwin": {
          "outputs": [
            {
              "name": "out",
              "path": "/nix/store/i5y5jzjqgh0gab9bqnyma663nf5v1n1i-clippy-1.97.0",
              "default": true
            }
          ],
          "store_path": "/nix/store/i5y5jzjqgh0gab9bqnyma663nf5v1n1i-clippy-1.97.0"
        },
        "aarch64-linux": {
          "outputs": [
            {
              "name": "out",
              "path": "/nix/store/sscvmgv3chk0h6rmipxa9pm7smp89lqh-clippy-1.97.0",
              "default": true
            },
            {
              "name": "debug",
              "path": "/nix/store/wzy2b0mn26f8z5yyds4r094mr53dx4x8-clippy-1.97.0-debug"
            }
          ],
          "store_path": "/nix/store/sscvmgv3chk0h6rmipxa9pm7smp89lqh-clippy-1.97.0"
        },
        "x86_64-linux": {
          "outputs": [
            {
              "name": "out",
              "path": "/nix/store/bijimpgbih6bwc8sykr5fijcjim2qfgr-clippy-1.97.0",
              "default": true
            },
            {
              "name": "debug",
              "path": "/nix/store/b5v9zhindmwznbqhy5jpnk93bqnq0x1z-clippy-1.97.0-debug"
            }
          ],
          "store_path": "/nix/store/bijimpgbih6bwc8sykr5fijcjim2qfgr-clippy-1.97.0"
        }
      }
    },
    "curl@8.17.0": {
      "last_modified": "2025-12-05T15:03:55Z",
      "resolved": "github:NixOS/nixpkgs/a672be65651c80d3f592a89b3945466584a22069#curl",
      "source": "devbox-search",
      "version": "8.17.0",
      "systems": {
        "aarch64-darwin": {
          "outputs": [
            {
              "name": "bin",
              "path": "/nix/store/qfwqcndy8bji6xww0gizclf2nqi2qpph-curl-8.17.0-bin",
              "default": true
            },
            {
              "name": "man",
              "path": "/nix/store/rk815zvrhwzbi7c6d589v2mhxzyzb400-curl-8.17.0-man",
              "default": true
            },
            {
              "name": "dev",
              "path": "/nix/store/ydp55g2mbd6rk6lfw0krkk3jwgdiqj5d-curl-8.17.0-dev"
            },
            {
              "name": "devdoc",
              "path": "/nix/store/8s884m82fmrbiyz8malglqc4sd632dkc-curl-8.17.0-devdoc"
            },
            {
              "name": "out",
              "path": "/nix/store/yxv8fxaz0fyhc31dv3rz89kc50zw5hgj-curl-8.17.0"
            }
          ],
          "store_path": "/nix/store/qfwqcndy8bji6xww0gizclf2nqi2qpph-curl-8.17.0-bin"
        },
        "aarch64-linux": {
          "outputs": [
            {
              "name": "bin",
              "path": "/nix/store/4x19j6zihdl6pya63xs8g360f2r614sx-curl-8.17.0-bin",
              "default": true
            },
            {
              "name": "man",
              "path": "/nix/store/b29qbmbfvzkm34k0jnj8ykqg2gzj3rdy-curl-8.17.0-man",
              "default": true
            },
            {
              "name": "debug",
              "path": "/nix/store/5hmbdk99knmbg8b0fzh96bv6bkcf6v5i-curl-8.17.0-debug"
            },
            {
              "name": "dev",
              "path": "/nix/store/iqs9mjscns3h5npgkrhgr5xa7qzwd0si-curl-8.17.0-dev"
            },
            {
              "name": "devdoc",
              "path": "/nix/store/1fwncv08c8g78k3hj3cj375vx92ndrp8-curl-8.17.0-devdoc"
            },
            {
              "name": "out",
              "path": "/nix/store/b0a6qc92vybjiggh0kg387cg0zp3kl6j-curl-8.17.0"
            }
          ],
          "store_path": "/nix/store/4x19j6zihdl6pya63xs8g360f2r614sx-curl-8.17.0-bin"
        },
        "x86_64-darwin": {
          "outputs": [
            {
              "name": "bin",
              "path": "/nix/store/w2336wv560g1n58cwashmmczdn3bfkq1-curl-8.17.0-bin",
              "default": true
            },
            {
              "name": "man",
              "path": "/nix/store/i6xmhcan8g4abda7ivv20nvwxrsssjqj-curl-8.17.0-man",
              "default": true
            },
            {
              "name": "devdoc",
              "path": "/nix/store/ipa7v9z7pjcnnv0fmdya1fldcxv0a28z-curl-8.17.0-devdoc"
            },
            {
              "name": "out",
              "path": "/nix/store/x9gyg634fi8mgcyay9mqa1ral7xg72fm-curl-8.17.0"
            },
            {
              "name": "dev",
              "path": "/nix/store/39zfdgq9kg3mb4sycf8pj4pdssrzki6c-curl-8.17.0-dev"
            }
          ],
          "store_path": "/nix/store/w2336wv560g1n58cwashmmczdn3bfkq1-curl-8.17.0-bin"
        },
        "x86_64-linux": {
          "outputs": [
            {
              "name": "bin",
              "path": "/nix/store/0rfz69vp1nl0q2hxzig20hc60sk72z62-curl-8.17.0-bin",
              "default": true
            },
            {
              "name": "man",
              "path": "/nix/store/ijd0yybyzwm98d3q6x7a9cyixgxk0i5d-curl-8.17.0-man",
              "default": true
            },
            {
              "name": "debug",
              "path": "/nix/store/h1fxw0xrifxvbhcp7b8hxsgirxxxfzav-curl-8.17.0-debug"
            },
            {
              "name": "dev",
              "path": "/nix/store/ikmdk37frjdblkba3wl3xws2wwgln17x-curl-8.17.0-dev"
            },
            {
              "name": "devdoc",
              "path": "/nix/store/jm6irg81cc0hqg43l39lkxr6pb0w2xk5-curl-8.17.0-devdoc"
            },
            {
              "name": "out",
              "path": "/nix/store/8idis3j5l13c3x74jl8xly0k4qyk9mx6-curl-8.17.0"
            }
          ],
          "store_path": "/nix/store/0rfz69vp1nl0q2hxzig20hc60sk72z62-curl-8.17.0-bin"
        }
      }
    },
    "ffmpeg@8.1.2": {
      "last_modified": "2026-07-23T05:10:05Z",
      "resolved": "github:NixOS/nixpkgs/7525d999cd850b9a488817abc89c75dc733acf17#ffmpeg",
      "source": "devbox-search",
      "version": "8.1.2",
      "systems": {
        "aarch64-darwin": {
          "outputs": [
            {
              "name": "bin",
              "path": "/nix/store/jqdnb188i5hmjv7smi7498nzv9mr9n46-ffmpeg-8.1.2-bin",
              "default": true
            },
            {
              "name": "man",
              "path": "/nix/store/ja4qh65w8hw6pd9mmvigjs0kraz68jsb-ffmpeg-8.1.2-man",
              "default": true
            },
            {
              "name": "lib",
              "path": "/nix/store/ws89q4gvqc25mzpcq3vdkqq5ffjhr2lz-ffmpeg-8.1.2-lib"
            },
            {
              "name": "out",
              "path": "/nix/store/c4jjwaplsmbw09vpqsss2ry4dwv3zwz9-ffmpeg-8.1.2"
            },
            {
              "name": "data",
              "path": "/nix/store/1ayzbslwj8cvj4clhd01rj9xpmkddr6p-ffmpeg-8.1.2-data"
            },
            {
              "name": "dev",
              "path": "/nix/store/h4dl409p37h0jxxkrb2p4a4wcqpp7m2z-ffmpeg-8.1.2-dev"
            },
            {
              "name": "doc",
              "path": "/nix/store/75s8k6wrjhv01q09wdaqpzb691rxyxw2-ffmpeg-8.1.2-doc"
            }
          ],
          "store_path": "/nix/store/jqdnb188i5hmjv7smi7498nzv9mr9n46-ffmpeg-8.1.2-bin"
        },
        "aarch64-linux": {
          "outputs": [
            {
              "name": "bin",
              "path": "/nix/store/sp5vyrybs6r8676rc2nbfksjkq9yvv2p-ffmpeg-8.1.2-bin",
              "default": true
            },
            {
              "name": "man",
              "path": "/nix/store/jx46pj775y8jmj2ll05lrvhx79bs9qqy-ffmpeg-8.1.2-man",
              "default": true
            },
            {
              "name": "lib",
              "path": "/nix/store/cz87fcy5zjr5slzawgy6gaxfkbqv1kkf-ffmpeg-8.1.2-lib"
            },
            {
              "name": "out",
              "path": "/nix/store/axz9d1jymhksa54ig6bghsydnnhg1bzc-ffmpeg-8.1.2"
            },
            {
              "name": "data",
              "path": "/nix/store/myhw5zbrm5vb0834zb22q0lrziyylnjf-ffmpeg-8.1.2-data"
            },
            {
              "name": "dev",
              "path": "/nix/store/880a1gc8ip5nq7qm99d4hbxbf6czrrf9-ffmpeg-8.1.2-dev"
            },
            {
              "name": "doc",
              "path": "/nix/store/9aqylkvksq7k8ms7by3ll1azs5spc8xb-ffmpeg-8.1.2-doc"
            }
          ],
          "store_path": "/nix/store/sp5vyrybs6r8676rc2nbfksjkq9yvv2p-ffmpeg-8.1.2-bin"
        },
        "x86_64-linux": {
          "outputs": [
            {
              "name": "bin",
              "path": "/nix/store/wfdhrw2jxj59gllsf1kh70g7a1n6zyvs-ffmpeg-8.1.2-bin",
              "default": true
            },
            {
              "name": "man",
              "path": "/nix/store/16xzwhjbmpq0p87a7zh0ysp15g66gzv7-ffmpeg-8.1.2-man",
              "default": true
            },
            {
              "name": "data",
              "path": "/nix/store/kgcly52b85rrb26y65fk6iydzri48kq9-ffmpeg-8.1.2-data"
            },
            {
              "name": "dev",
              "path": "/nix/store/2m5ys9hiyrwl3fk471dm4f7vxkh9wrb5-ffmpeg-8.1.2-dev"
            },
            {
              "name": "doc",
              "path": "/nix/store/6ijk1jzqxqil52w7fhghsbbgpvmngyqn-ffmpeg-8.1.2-doc"
            },
            {
              "name": "lib",
              "path": "/nix/store/b3vjqmgrkadsln0g0lvygavnznwrbbgs-ffmpeg-8.1.2-lib"
            },
            {
              "name": "out",
              "path": "/nix/store/3dh84xnaydyxvs47rzskihkl4r90wkp5-ffmpeg-8.1.2"
            }
          ],
          "store_path": "/nix/store/wfdhrw2jxj59gllsf1kh70g7a1n6zyvs-ffmpeg-8.1.2-bin"
        }
      }
    },
    "gh@2.96.0": {
      "last_modified": "2026-07-23T05:10:05Z",
      "resolved": "github:NixOS/nixpkgs/7525d999cd850b9a488817abc89c75dc733acf17#gh",
      "source": "devbox-search",
      "version": "2.96.0",
      "systems": {
        "aarch64-darwin": {
          "outputs": [
            {
              "name": "out",
              "path": "/nix/store/fc59sg6h20yvm9hh589zawj0n4xvjkyv-gh-2.96.0",
              "default": true
            }
          ],
          "store_path": "/nix/store/fc59sg6h20yvm9hh589zawj0n4xvjkyv-gh-2.96.0"
        },
        "aarch64-linux": {
          "outputs": [
            {
              "name": "out",
              "path": "/nix/store/hhli6yr6kkcqb24v5rjw4wdi3dabbp2s-gh-2.96.0",
              "default": true
            }
          ],
          "store_path": "/nix/store/hhli6yr6kkcqb24v5rjw4wdi3dabbp2s-gh-2.96.0"
        },
        "x86_64-darwin": {
          "outputs": [
            {
              "name": "out",
              "path": "/nix/store/waa7fl1d466lkihg89p60iisjwynyfb7-gh-2.96.0",
              "default": true
            }
          ],
          "store_path": "/nix/store/waa7fl1d466lkihg89p60iisjwynyfb7-gh-2.96.0"
        },
        "x86_64-linux": {
          "outputs": [
            {
              "name": "out",
              "path": "/nix/store/9jyx6hrsjdcjx1gxmipj45bij5vzvq19-gh-2.96.0",
              "default": true
            }
          ],
          "store_path": "/nix/store/9jyx6hrsjdcjx1gxmipj45bij5vzvq19-gh-2.96.0"
        }
      }
    },
    "git@2.55.0": {
      "last_modified": "2026-07-23T05:10:05Z",
      "resolved": "github:NixOS/nixpkgs/7525d999cd850b9a488817abc89c75dc733acf17#git",
      "source": "devbox-search",
      "version": "2.55.0",
      "systems": {
        "aarch64-darwin": {
          "outputs": [
            {
              "name": "out",
              "path": "/nix/store/mm146m54sdyyqlgn1vs1y2ha8qkqbq4d-git-2.55.0",
              "default": true
            },
            {
              "name": "doc",
              "path": "/nix/store/6zngfmnwj4f1i6y81sbp2ni3nfzbhapr-git-2.55.0-doc"
            }
          ],
          "store_path": "/nix/store/mm146m54sdyyqlgn1vs1y2ha8qkqbq4d-git-2.55.0"
        },
        "aarch64-linux": {
          "outputs": [
            {
              "name": "out",
              "path": "/nix/store/m5pr759k6l5w4pry4d96nk47hj8pq1fp-git-2.55.0",
              "default": true
            },
            {
              "name": "debug",
              "path": "/nix/store/3vz6cdc94ch6vyfvs2hsr3di4a112dcl-git-2.55.0-debug"
            },
            {
              "name": "doc",
              "path": "/nix/store/7i5h1q53czyr7pi9zv5ljdyi3x88w362-git-2.55.0-doc"
            }
          ],
          "store_path": "/nix/store/m5pr759k6l5w4pry4d96nk47hj8pq1fp-git-2.55.0"
        },
        "x86_64-linux": {
          "outputs": [
            {
              "name": "out",
              "path": "/nix/store/rq1vg974qcxzb9dazz9dbq2qm72r9fa4-git-2.55.0",
              "default": true
            },
            {
              "name": "debug",
              "path": "/nix/store/q36dlq816877n8is15shkyhcwp1d4va1-git-2.55.0-debug"
            },
            {
              "name": "doc",
              "path": "/nix/store/kbddl0iwydskifb753jn5zhzayazzfwm-git-2.55.0-doc"
            }
          ],
          "store_path": "/nix/store/rq1vg974qcxzb9dazz9dbq2qm72r9fa4-git-2.55.0"
        }
      }
    },
    "github:NixOS/nixpkgs/nixpkgs-unstable": {
      "last_modified": "2026-03-11T04:01:32Z",
      "resolved": "github:NixOS/nixpkgs/b6067cc0127d4db9c26c79e4de0513e58d0c40c9?lastModified=1773201692"
    },
    "go-task@3.48.0": {
      "last_modified": "2026-03-21T07:29:51Z",
      "resolved": "github:NixOS/nixpkgs/09061f748ee21f68a089cd5d91ec1859cd93d0be#go-task",
      "source": "devbox-search",
      "version": "3.48.0",
      "systems": {
        "aarch64-darwin": {
          "outputs": [
            {
              "name": "out",
              "path": "/nix/store/sab4xhgi6cs6rnxsx33dxqg2zcir52rm-go-task-3.48.0",
              "default": true
            }
          ],
          "store_path": "/nix/store/sab4xhgi6cs6rnxsx33dxqg2zcir52rm-go-task-3.48.0"
        },
        "aarch64-linux": {
          "outputs": [
            {
              "name": "out",
              "path": "/nix/store/cidnjfhcp1qyxjih6qaa61hfyxy5k5ap-go-task-3.48.0",
              "default": true
            }
          ],
          "store_path": "/nix/store/cidnjfhcp1qyxjih6qaa61hfyxy5k5ap-go-task-3.48.0"
        },
        "x86_64-darwin": {
          "outputs": [
            {
              "name": "out",
              "path": "/nix/store/nxbwqrg7jx4l16q1c37kr510cv0cz1cw-go-task-3.48.0",
              "default": true
            }
          ],
          "store_path": "/nix/store/nxbwqrg7jx4l16q1c37kr510cv0cz1cw-go-task-3.48.0"
        },
        "x86_64-linux": {
          "outputs": [
            {
              "name": "out",
              "path": "/nix/store/qxs1p264gzz3nficzss2nsp7fs5cdi31-go-task-3.48.0",
              "default": true
            }
          ],
          "store_path": "/nix/store/qxs1p264gzz3nficzss2nsp7fs5cdi31-go-task-3.48.0"
        }
      }
    },
    "jq@1.8.2": {
      "last_modified": "2026-07-23T13:11:22Z",
      "resolved": "github:NixOS/nixpkgs/6d12004108e0e4a5cfa4bd83b14477f040b15773#jq",
      "source": "devbox-search",
      "version": "1.8.2",
      "systems": {
        "aarch64-darwin": {
          "outputs": [
            {
              "name": "bin",
              "path": "/nix/store/1fi2mymhcrnjf4cz0z69plamcdqfnary-jq-1.8.2-bin",
              "default": true
            },
            {
              "name": "man",
              "path": "/nix/store/yl5bdw2pcn90ldqq7r3siwv9wbbkwd8v-jq-1.8.2-man",
              "default": true
            },
            {
              "name": "dev",
              "path": "/nix/store/i8qqb6bphlk58b71077fmadwbq15f1fx-jq-1.8.2-dev"
            },
            {
              "name": "doc",
              "path": "/nix/store/g2j9dyv54j9cdil6ixmwhcmk9p1hs4p4-jq-1.8.2-doc"
            },
            {
              "name": "out",
              "path": "/nix/store/swk3im3b74m5mq3fz70liv0a41gq5bg9-jq-1.8.2"
            }
          ],
          "store_path": "/nix/store/1fi2mymhcrnjf4cz0z69plamcdqfnary-jq-1.8.2-bin"
        },
        "aarch64-linux": {
          "outputs": [
            {
              "name": "bin",
              "path": "/nix/store/l18as28b4wwqds62yqci9l8xhhdhf78l-jq-1.8.2-bin",
              "default": true
            },
            {
              "name": "man",
              "path": "/nix/store/d4213dzz6zg89ga8dbnia2hjbzdcrdfh-jq-1.8.2-man",
              "default": true
            },
            {
              "name": "dev",
              "path": "/nix/store/n82y4hrj0kzw66q0c630r72a2vkf21p8-jq-1.8.2-dev"
            },
            {
              "name": "doc",
              "path": "/nix/store/5dq5m09dlqhm2nxaxqqmffdhzy7sp809-jq-1.8.2-doc"
            },
            {
              "name": "out",
              "path": "/nix/store/97hmn17vbpx0l0wbi4jc6hwr3pyy2zz3-jq-1.8.2"
            }
          ],
          "store_path": "/nix/store/l18as28b4wwqds62yqci9l8xhhdhf78l-jq-1.8.2-bin"
        },
        "x86_64-linux": {
          "outputs": [
            {
              "name": "bin",
              "path": "/nix/store/qqd37kj25f68wxmr9rg05850y9daxbrp-jq-1.8.2-bin",
              "default": true
            },
            {
              "name": "man",
              "path": "/nix/store/9bgnz6r8fb7kk09dzz94wf13lkz2rbbq-jq-1.8.2-man",
              "default": true
            },
            {
              "name": "dev",
              "path": "/nix/store/k39ljkrhbwjb1mahd45zk2w4x34d1345-jq-1.8.2-dev"
            },
            {
              "name": "doc",
              "path": "/nix/store/gygm29lm9w8c392lrk5a94izcghnk0n4-jq-1.8.2-doc"
            },
            {
              "name": "out",
              "path": "/nix/store/s75d4pw16pipr7xqczdw3mg5950cr8mk-jq-1.8.2"
            }
          ],
          "store_path": "/nix/store/qqd37kj25f68wxmr9rg05850y9daxbrp-jq-1.8.2-bin"
        }
      }
    },
    "kubernetes-helm@4.2.3": {
      "last_modified": "2026-07-23T05:10:05Z",
      "resolved": "github:NixOS/nixpkgs/7525d999cd850b9a488817abc89c75dc733acf17#kubernetes-helm",
      "source": "devbox-search",
      "version": "4.2.3",
      "systems": {
        "aarch64-darwin": {
          "outputs": [
            {
              "name": "out",
              "path": "/nix/store/pskv3khyizrc09rnqrp6d0wn5pllripx-kubernetes-helm-4.2.3",
              "default": true
            }
          ],
          "store_path": "/nix/store/pskv3khyizrc09rnqrp6d0wn5pllripx-kubernetes-helm-4.2.3"
        },
        "aarch64-linux": {
          "outputs": [
            {
              "name": "out",
              "path": "/nix/store/k99lgyz9k814kr389jirpim37nqpi7qp-kubernetes-helm-4.2.3",
              "default": true
            }
          ],
          "store_path": "/nix/store/k99lgyz9k814kr389jirpim37nqpi7qp-kubernetes-helm-4.2.3"
        },
        "x86_64-linux": {
          "outputs": [
            {
              "name": "out",
              "path": "/nix/store/n1rbyfp9sn0r0gzx4z9lniisiad9h5yq-kubernetes-helm-4.2.3",
              "default": true
            }
          ],
          "store_path": "/nix/store/n1rbyfp9sn0r0gzx4z9lniisiad9h5yq-kubernetes-helm-4.2.3"
        }
      }
    },
    "ripgrep@15.2.0": {
      "last_modified": "2026-07-23T05:10:05Z",
      "resolved": "github:NixOS/nixpkgs/7525d999cd850b9a488817abc89c75dc733acf17#ripgrep",
      "source": "devbox-search",
      "version": "15.2.0",
      "systems": {
        "aarch64-darwin": {
          "outputs": [
            {
              "name": "out",
              "path": "/nix/store/sh64cdxkvickrcz1h87pm92rmfk7v9vn-ripgrep-15.2.0",
              "default": true
            }
          ],
          "store_path": "/nix/store/sh64cdxkvickrcz1h87pm92rmfk7v9vn-ripgrep-15.2.0"
        },
        "aarch64-linux": {
          "outputs": [
            {
              "name": "out",
              "path": "/nix/store/z12fyhi116qr1ylra1mbs98c2hf37ac4-ripgrep-15.2.0",
              "default": true
            }
          ],
          "store_path": "/nix/store/z12fyhi116qr1ylra1mbs98c2hf37ac4-ripgrep-15.2.0"
        },
        "x86_64-linux": {
          "outputs": [
            {
              "name": "out",
              "path": "/nix/store/m6qxk1vl4fvi6v99k6fwp9szq2jyxx5v-ripgrep-15.2.0",
              "default": true
            }
          ],
          "store_path": "/nix/store/m6qxk1vl4fvi6v99k6fwp9szq2jyxx5v-ripgrep-15.2.0"
        }
      }
    },
    "rustc@1.97.0": {
      "last_modified": "2026-07-23T05:10:05Z",
      "plugin_version": "0.0.1",
      "resolved": "github:NixOS/nixpkgs/7525d999cd850b9a488817abc89c75dc733acf17#rustc",
      "source": "devbox-search",
      "version": "1.97.0",
      "systems": {
        "aarch64-darwin": {
          "outputs": [
            {
              "name": "out",
              "path": "/nix/store/zc86y3qlir5sz52wwfsxgibgbvr9zvfs-rustc-wrapper-1.97.0",
              "default": true
            },
            {
              "name": "man",
              "path": "/nix/store/nl5i76zrhnvdv96m10gvllcw1cibx3kf-rustc-wrapper-1.97.0-man",
              "default": true
            },
            {
              "name": "doc",
              "path": "/nix/store/pc05v0bvacr9bnsvddrf0md37zkj29dj-rustc-wrapper-1.97.0-doc"
            }
          ],
          "store_path": "/nix/store/zc86y3qlir5sz52wwfsxgibgbvr9zvfs-rustc-wrapper-1.97.0"
        },
        "aarch64-linux": {
          "outputs": [
            {
              "name": "out",
              "path": "/nix/store/zbjqiyva7jjqb2m8drxj17306zkn0lmc-rustc-wrapper-1.97.0",
              "default": true
            },
            {
              "name": "man",
              "path": "/nix/store/cng3lybfqzr10wzpdxmsb236magpb4nk-rustc-wrapper-1.97.0-man",
              "default": true
            },
            {
              "name": "doc",
              "path": "/nix/store/sq2qc9vlxybv30nw13n29rlia1fz52lv-rustc-wrapper-1.97.0-doc"
            }
          ],
          "store_path": "/nix/store/zbjqiyva7jjqb2m8drxj17306zkn0lmc-rustc-wrapper-1.97.0"
        },
        "x86_64-linux": {
          "outputs": [
            {
              "name": "out",
              "path": "/nix/store/h6c2mbpmxih3mfadhvl6jzf090n419yv-rustc-wrapper-1.97.0",
              "default": true
            },
            {
              "name": "man",
              "path": "/nix/store/kpynwsfikb91k3i4jyvj8ggz68p2hfai-rustc-wrapper-1.97.0-man",
              "default": true
            },
            {
              "name": "doc",
              "path": "/nix/store/q2nc6mlp8yivnyxr6cg8m71nahrnjgdg-rustc-wrapper-1.97.0-doc"
            }
          ],
          "store_path": "/nix/store/h6c2mbpmxih3mfadhvl6jzf090n419yv-rustc-wrapper-1.97.0"
        }
      }
    },
    "rustfmt@1.97.0": {
      "last_modified": "2026-07-23T05:10:05Z",
      "resolved": "github:NixOS/nixpkgs/7525d999cd850b9a488817abc89c75dc733acf17#rustfmt",
      "source": "devbox-search",
      "version": "1.97.0",
      "systems": {
        "aarch64-darwin": {
          "outputs": [
            {
              "name": "out",
              "path": "/nix/store/8h81rjmqzngdy0x7myvf88b82h9brg71-rustfmt-1.97.0",
              "default": true
            }
          ],
          "store_path": "/nix/store/8h81rjmqzngdy0x7myvf88b82h9brg71-rustfmt-1.97.0"
        },
        "aarch64-linux": {
          "outputs": [
            {
              "name": "out",
              "path": "/nix/store/1294vmf2lv5f68y70r4zydis60g4z34x-rustfmt-1.97.0",
              "default": true
            }
          ],
          "store_path": "/nix/store/1294vmf2lv5f68y70r4zydis60g4z34x-rustfmt-1.97.0"
        },
        "x86_64-linux": {
          "outputs": [
            {
              "name": "out",
              "path": "/nix/store/i7qpcas4xd1kz9k98yh2c0w8ld0x288b-rustfmt-1.97.0",
              "default": true
            }
          ],
          "store_path": "/nix/store/i7qpcas4xd1kz9k98yh2c0w8ld0x288b-rustfmt-1.97.0"
        }
      }
    },
    "upcloud-cli@3.29.0": {
      "last_modified": "2026-04-23T13:07:47Z",
      "resolved": "github:NixOS/nixpkgs/01fbdeef22b76df85ea168fbfe1bfd9e63681b30#upcloud-cli",
      "source": "devbox-search",
      "version": "3.29.0",
      "systems": {
        "aarch64-darwin": {
          "outputs": [
            {
              "name": "out",
              "path": "/nix/store/8q5mh9czcrvpswwlr3aliqryapdwp7j5-upcloud-cli-3.29.0",
              "default": true
            }
          ],
          "store_path": "/nix/store/8q5mh9czcrvpswwlr3aliqryapdwp7j5-upcloud-cli-3.29.0"
        },
        "aarch64-linux": {
          "outputs": [
            {
              "name": "out",
              "path": "/nix/store/kcy16hfkpmj2l4qmi4llasjvmwpy6qvq-upcloud-cli-3.29.0",
              "default": true
            }
          ],
          "store_path": "/nix/store/kcy16hfkpmj2l4qmi4llasjvmwpy6qvq-upcloud-cli-3.29.0"
        },
        "x86_64-darwin": {
          "outputs": [
            {
              "name": "out",
              "path": "/nix/store/wjwrlgp6n3b6l3ybpdcjd3rcsizr0463-upcloud-cli-3.29.0",
              "default": true
            }
          ],
          "store_path": "/nix/store/wjwrlgp6n3b6l3ybpdcjd3rcsizr0463-upcloud-cli-3.29.0"
        },
        "x86_64-linux": {
          "outputs": [
            {
              "name": "out",
              "path": "/nix/store/4w6v33l32ifxw1a6j1djkqy9gx29v8ai-upcloud-cli-3.29.0",
              "default": true
            }
          ],
          "store_path": "/nix/store/4w6v33l32ifxw1a6j1djkqy9gx29v8ai-upcloud-cli-3.29.0"
        }
      }
    },
    "vals@0.44.5": {
      "last_modified": "2026-07-23T05:10:05Z",
      "resolved": "github:NixOS/nixpkgs/7525d999cd850b9a488817abc89c75dc733acf17#vals",
      "source": "devbox-search",
      "version": "0.44.5",
      "systems": {
        "aarch64-darwin": {
          "outputs": [
            {
              "name": "out",
              "path": "/nix/store/w9xbkm4i6228vqhnc2yclzay32w431pc-vals-0.44.5",
              "default": true
            }
          ],
          "store_path": "/nix/store/w9xbkm4i6228vqhnc2yclzay32w431pc-vals-0.44.5"
        },
        "aarch64-linux": {
          "outputs": [
            {
              "name": "out",
              "path": "/nix/store/svyyhcgd5s4xr2w75wsssypiz37834sf-vals-0.44.5",
              "default": true
            }
          ],
          "store_path": "/nix/store/svyyhcgd5s4xr2w75wsssypiz37834sf-vals-0.44.5"
        },
        "x86_64-linux": {
          "outputs": [
            {
              "name": "out",
              "path": "/nix/store/90w7miwpdcj2ksh8k8q6fnssij6asc3d-vals-0.44.5",
              "default": true
            }
          ],
          "store_path": "/nix/store/90w7miwpdcj2ksh8k8q6fnssij6asc3d-vals-0.44.5"
        }
      }
    }
  }
}
