{
  "lockfile_version": "1",
  "packages": {
    "asciinema-agg@1.9.0": {
      "last_modified": "2026-05-31T16:57:23Z",
      "resolved": "github:NixOS/nixpkgs/3109eaae18e09d0b8aef23dc2579e7d94b8d4b4e#asciinema-agg",
      "source": "devbox-search",
      "version": "1.9.0",
      "systems": {
        "aarch64-darwin": {
          "outputs": [
            {
              "name": "out",
              "path": "/nix/store/niyanwmjdkqc1f5r4l16nb66gwbqij47-agg-1.9.0",
              "default": true
            }
          ],
          "store_path": "/nix/store/niyanwmjdkqc1f5r4l16nb66gwbqij47-agg-1.9.0"
        },
        "aarch64-linux": {
          "outputs": [
            {
              "name": "out",
              "path": "/nix/store/25ss0jma3mnna0hbvw857lsphnsgwbc2-agg-1.9.0",
              "default": true
            }
          ],
          "store_path": "/nix/store/25ss0jma3mnna0hbvw857lsphnsgwbc2-agg-1.9.0"
        },
        "x86_64-darwin": {
          "outputs": [
            {
              "name": "out",
              "path": "/nix/store/byja6iy9x6i1ywcpl8i0xp90mf65hc4q-agg-1.9.0",
              "default": true
            }
          ],
          "store_path": "/nix/store/byja6iy9x6i1ywcpl8i0xp90mf65hc4q-agg-1.9.0"
        },
        "x86_64-linux": {
          "outputs": [
            {
              "name": "out",
              "path": "/nix/store/x841fn3vdgagrya35rlvjwj706d5pgbj-agg-1.9.0",
              "default": true
            }
          ],
          "store_path": "/nix/store/x841fn3vdgagrya35rlvjwj706d5pgbj-agg-1.9.0"
        }
      }
    },
    "asciinema@3.2.0": {
      "last_modified": "2026-05-08T21:03:27Z",
      "resolved": "github:NixOS/nixpkgs/b3da656039dc7a6240f27b2ef8cc6a3ef3bccae7#asciinema",
      "source": "devbox-search",
      "version": "3.2.0",
      "systems": {
        "aarch64-darwin": {
          "outputs": [
            {
              "name": "out",
              "path": "/nix/store/6jllrz04svnr1xxzywbbykgwarfq6pmj-asciinema-3.2.0",
              "default": true
            }
          ],
          "store_path": "/nix/store/6jllrz04svnr1xxzywbbykgwarfq6pmj-asciinema-3.2.0"
        },
        "aarch64-linux": {
          "outputs": [
            {
              "name": "out",
              "path": "/nix/store/413jlfgry7m2zd31m8iqnk2pir20b1p0-asciinema-3.2.0",
              "default": true
            }
          ],
          "store_path": "/nix/store/413jlfgry7m2zd31m8iqnk2pir20b1p0-asciinema-3.2.0"
        },
        "x86_64-darwin": {
          "outputs": [
            {
              "name": "out",
              "path": "/nix/store/90zb6rmkdia30vvyc87hlznpydfd4yv2-asciinema-3.2.0",
              "default": true
            }
          ],
          "store_path": "/nix/store/90zb6rmkdia30vvyc87hlznpydfd4yv2-asciinema-3.2.0"
        },
        "x86_64-linux": {
          "outputs": [
            {
              "name": "out",
              "path": "/nix/store/rbh9jvrblsgac93lv18ddywcjkk7bf8v-asciinema-3.2.0",
              "default": true
            }
          ],
          "store_path": "/nix/store/rbh9jvrblsgac93lv18ddywcjkk7bf8v-asciinema-3.2.0"
        }
      }
    },
    "cargo-nextest@0.9.137": {
      "last_modified": "2026-05-29T05:01:12Z",
      "resolved": "github:NixOS/nixpkgs/e9a7635a57597d9754eccebdfc7045e6c8600e6b#cargo-nextest",
      "source": "devbox-search",
      "version": "0.9.137",
      "systems": {
        "aarch64-darwin": {
          "outputs": [
            {
              "name": "out",
              "path": "/nix/store/ylz7m947mhkgsp6i7611id3s3gcd58nq-cargo-nextest-0.9.137",
              "default": true
            }
          ],
          "store_path": "/nix/store/ylz7m947mhkgsp6i7611id3s3gcd58nq-cargo-nextest-0.9.137"
        },
        "aarch64-linux": {
          "outputs": [
            {
              "name": "out",
              "path": "/nix/store/qb6bcg2fjvm3r9s9j98nmffmf9xwh45s-cargo-nextest-0.9.137",
              "default": true
            }
          ],
          "store_path": "/nix/store/qb6bcg2fjvm3r9s9j98nmffmf9xwh45s-cargo-nextest-0.9.137"
        },
        "x86_64-darwin": {
          "outputs": [
            {
              "name": "out",
              "path": "/nix/store/i6jmzv24lbwmrj42pllhq7biflgid5sr-cargo-nextest-0.9.137",
              "default": true
            }
          ],
          "store_path": "/nix/store/i6jmzv24lbwmrj42pllhq7biflgid5sr-cargo-nextest-0.9.137"
        },
        "x86_64-linux": {
          "outputs": [
            {
              "name": "out",
              "path": "/nix/store/jhkr7gwyrchkml33gyns9cy0yn7b57qc-cargo-nextest-0.9.137",
              "default": true
            }
          ],
          "store_path": "/nix/store/jhkr7gwyrchkml33gyns9cy0yn7b57qc-cargo-nextest-0.9.137"
        }
      }
    },
    "cargo@1.94.1": {
      "last_modified": "2026-04-23T13:07:47Z",
      "resolved": "github:NixOS/nixpkgs/01fbdeef22b76df85ea168fbfe1bfd9e63681b30#cargo",
      "source": "devbox-search",
      "version": "1.94.1",
      "systems": {
        "aarch64-darwin": {
          "outputs": [
            {
              "name": "out",
              "path": "/nix/store/mlrgd5zljyrxl15ryn31w15w48f6yii5-cargo-1.94.1",
              "default": true
            }
          ],
          "store_path": "/nix/store/mlrgd5zljyrxl15ryn31w15w48f6yii5-cargo-1.94.1"
        },
        "aarch64-linux": {
          "outputs": [
            {
              "name": "out",
              "path": "/nix/store/fvmmpmsik6551c334wgvx8smifj2fibf-cargo-1.94.1",
              "default": true
            }
          ],
          "store_path": "/nix/store/fvmmpmsik6551c334wgvx8smifj2fibf-cargo-1.94.1"
        },
        "x86_64-darwin": {
          "outputs": [
            {
              "name": "out",
              "path": "/nix/store/10bhh3gsrw2xfg3fr53pip6rdzcz2sfp-cargo-1.94.1",
              "default": true
            }
          ],
          "store_path": "/nix/store/10bhh3gsrw2xfg3fr53pip6rdzcz2sfp-cargo-1.94.1"
        },
        "x86_64-linux": {
          "outputs": [
            {
              "name": "out",
              "path": "/nix/store/z382dzkk7snk51ka6n4f3b953dcdm8fc-cargo-1.94.1",
              "default": true
            }
          ],
          "store_path": "/nix/store/z382dzkk7snk51ka6n4f3b953dcdm8fc-cargo-1.94.1"
        }
      }
    },
    "clippy@1.94.1": {
      "last_modified": "2026-04-23T13:07:47Z",
      "resolved": "github:NixOS/nixpkgs/01fbdeef22b76df85ea168fbfe1bfd9e63681b30#clippy",
      "source": "devbox-search",
      "version": "1.94.1",
      "systems": {
        "aarch64-darwin": {
          "outputs": [
            {
              "name": "out",
              "path": "/nix/store/z9jrilf49s8prkiicxlfapbi6hj9dz03-clippy-1.94.1",
              "default": true
            }
          ],
          "store_path": "/nix/store/z9jrilf49s8prkiicxlfapbi6hj9dz03-clippy-1.94.1"
        },
        "aarch64-linux": {
          "outputs": [
            {
              "name": "out",
              "path": "/nix/store/0ag0s1wxh9l5fldh6j0318qpmzy7sn5r-clippy-1.94.1",
              "default": true
            },
            {
              "name": "debug",
              "path": "/nix/store/svpaxsn34mgdzhgyrgdvw68fl14g1s8x-clippy-1.94.1-debug"
            }
          ],
          "store_path": "/nix/store/0ag0s1wxh9l5fldh6j0318qpmzy7sn5r-clippy-1.94.1"
        },
        "x86_64-darwin": {
          "outputs": [
            {
              "name": "out",
              "path": "/nix/store/874dlfzia6nhc8f9iwqnh8cg79ga3rw4-clippy-1.94.1",
              "default": true
            }
          ],
          "store_path": "/nix/store/874dlfzia6nhc8f9iwqnh8cg79ga3rw4-clippy-1.94.1"
        },
        "x86_64-linux": {
          "outputs": [
            {
              "name": "out",
              "path": "/nix/store/wavkh1sj2fb7cclydhj1q15k7dcha91x-clippy-1.94.1",
              "default": true
            },
            {
              "name": "debug",
              "path": "/nix/store/2970l2zp3wwb361mabagg9gfgnwkn9s2-clippy-1.94.1-debug"
            }
          ],
          "store_path": "/nix/store/wavkh1sj2fb7cclydhj1q15k7dcha91x-clippy-1.94.1"
        }
      }
    },
    "curl@8.17.0": {
      "last_modified": "2025-12-05T15:03:55Z",
      "resolved": "github:NixOS/nixpkgs/a672be65651c80d3f592a89b3945466584a22069#curl",
      "source": "devbox-search",
      "version": "8.17.0",
      "systems": {
        "aarch64-darwin": {
          "outputs": [
            {
              "name": "bin",
              "path": "/nix/store/qfwqcndy8bji6xww0gizclf2nqi2qpph-curl-8.17.0-bin",
              "default": true
            },
            {
              "name": "man",
              "path": "/nix/store/rk815zvrhwzbi7c6d589v2mhxzyzb400-curl-8.17.0-man",
              "default": true
            },
            {
              "name": "dev",
              "path": "/nix/store/ydp55g2mbd6rk6lfw0krkk3jwgdiqj5d-curl-8.17.0-dev"
            },
            {
              "name": "devdoc",
              "path": "/nix/store/8s884m82fmrbiyz8malglqc4sd632dkc-curl-8.17.0-devdoc"
            },
            {
              "name": "out",
              "path": "/nix/store/yxv8fxaz0fyhc31dv3rz89kc50zw5hgj-curl-8.17.0"
            }
          ],
          "store_path": "/nix/store/qfwqcndy8bji6xww0gizclf2nqi2qpph-curl-8.17.0-bin"
        },
        "aarch64-linux": {
          "outputs": [
            {
              "name": "bin",
              "path": "/nix/store/4x19j6zihdl6pya63xs8g360f2r614sx-curl-8.17.0-bin",
              "default": true
            },
            {
              "name": "man",
              "path": "/nix/store/b29qbmbfvzkm34k0jnj8ykqg2gzj3rdy-curl-8.17.0-man",
              "default": true
            },
            {
              "name": "debug",
              "path": "/nix/store/5hmbdk99knmbg8b0fzh96bv6bkcf6v5i-curl-8.17.0-debug"
            },
            {
              "name": "dev",
              "path": "/nix/store/iqs9mjscns3h5npgkrhgr5xa7qzwd0si-curl-8.17.0-dev"
            },
            {
              "name": "devdoc",
              "path": "/nix/store/1fwncv08c8g78k3hj3cj375vx92ndrp8-curl-8.17.0-devdoc"
            },
            {
              "name": "out",
              "path": "/nix/store/b0a6qc92vybjiggh0kg387cg0zp3kl6j-curl-8.17.0"
            }
          ],
          "store_path": "/nix/store/4x19j6zihdl6pya63xs8g360f2r614sx-curl-8.17.0-bin"
        },
        "x86_64-darwin": {
          "outputs": [
            {
              "name": "bin",
              "path": "/nix/store/w2336wv560g1n58cwashmmczdn3bfkq1-curl-8.17.0-bin",
              "default": true
            },
            {
              "name": "man",
              "path": "/nix/store/i6xmhcan8g4abda7ivv20nvwxrsssjqj-curl-8.17.0-man",
              "default": true
            },
            {
              "name": "devdoc",
              "path": "/nix/store/ipa7v9z7pjcnnv0fmdya1fldcxv0a28z-curl-8.17.0-devdoc"
            },
            {
              "name": "out",
              "path": "/nix/store/x9gyg634fi8mgcyay9mqa1ral7xg72fm-curl-8.17.0"
            },
            {
              "name": "dev",
              "path": "/nix/store/39zfdgq9kg3mb4sycf8pj4pdssrzki6c-curl-8.17.0-dev"
            }
          ],
          "store_path": "/nix/store/w2336wv560g1n58cwashmmczdn3bfkq1-curl-8.17.0-bin"
        },
        "x86_64-linux": {
          "outputs": [
            {
              "name": "bin",
              "path": "/nix/store/0rfz69vp1nl0q2hxzig20hc60sk72z62-curl-8.17.0-bin",
              "default": true
            },
            {
              "name": "man",
              "path": "/nix/store/ijd0yybyzwm98d3q6x7a9cyixgxk0i5d-curl-8.17.0-man",
              "default": true
            },
            {
              "name": "debug",
              "path": "/nix/store/h1fxw0xrifxvbhcp7b8hxsgirxxxfzav-curl-8.17.0-debug"
            },
            {
              "name": "dev",
              "path": "/nix/store/ikmdk37frjdblkba3wl3xws2wwgln17x-curl-8.17.0-dev"
            },
            {
              "name": "devdoc",
              "path": "/nix/store/jm6irg81cc0hqg43l39lkxr6pb0w2xk5-curl-8.17.0-devdoc"
            },
            {
              "name": "out",
              "path": "/nix/store/8idis3j5l13c3x74jl8xly0k4qyk9mx6-curl-8.17.0"
            }
          ],
          "store_path": "/nix/store/0rfz69vp1nl0q2hxzig20hc60sk72z62-curl-8.17.0-bin"
        }
      }
    },
    "ffmpeg@8.1": {
      "last_modified": "2026-06-14T16:21:05Z",
      "resolved": "github:NixOS/nixpkgs/9eac87a12312b8f60dd52e1c6e1a265f6fc7f5fc#ffmpeg",
      "source": "devbox-search",
      "version": "8.1",
      "systems": {
        "aarch64-darwin": {
          "outputs": [
            {
              "name": "bin",
              "path": "/nix/store/ngfvm0mvlcl3qy4c0va1xk7ik7hf5z5d-ffmpeg-8.1-bin",
              "default": true
            },
            {
              "name": "man",
              "path": "/nix/store/7i34r2xda7qh2y9jsnm8jxgh31d1nk57-ffmpeg-8.1-man",
              "default": true
            },
            {
              "name": "data",
              "path": "/nix/store/svw1lk5s6hgfvmndi7klg9kp9p65h4wi-ffmpeg-8.1-data"
            },
            {
              "name": "dev",
              "path": "/nix/store/arhfvajz4160hqrvllcjri0zlshyl43m-ffmpeg-8.1-dev"
            },
            {
              "name": "doc",
              "path": "/nix/store/f8f02xn2j8qjcii07ig0x3jwcd1qd7r9-ffmpeg-8.1-doc"
            },
            {
              "name": "lib",
              "path": "/nix/store/rz9xhl5q5v9gh7lhk6z8zgi98h9xzx7n-ffmpeg-8.1-lib"
            },
            {
              "name": "out",
              "path": "/nix/store/wl1lb6gb6isnglzmwvdn55hi48ac1mcl-ffmpeg-8.1"
            }
          ],
          "store_path": "/nix/store/ngfvm0mvlcl3qy4c0va1xk7ik7hf5z5d-ffmpeg-8.1-bin"
        },
        "aarch64-linux": {
          "outputs": [
            {
              "name": "bin",
              "path": "/nix/store/9189pnq5pjzsbqmp9l8rkr9kwbwmg2w6-ffmpeg-8.1-bin",
              "default": true
            },
            {
              "name": "man",
              "path": "/nix/store/mk17rxwak2j48qrs3axccsknhzwl5733-ffmpeg-8.1-man",
              "default": true
            },
            {
              "name": "data",
              "path": "/nix/store/fgjpgi3vfl2ayqfmddfq45wzp5q09q9s-ffmpeg-8.1-data"
            },
            {
              "name": "dev",
              "path": "/nix/store/amsa6czh5400dxq2giif31vlnbcjp09z-ffmpeg-8.1-dev"
            },
            {
              "name": "doc",
              "path": "/nix/store/8anck5absahqjvikpxb87yn1inpb4fdv-ffmpeg-8.1-doc"
            },
            {
              "name": "lib",
              "path": "/nix/store/x57wbkqyx80h7lhdziqh7ikwg8lgraxc-ffmpeg-8.1-lib"
            },
            {
              "name": "out",
              "path": "/nix/store/wdrpm09qjhb155kwch9b19pag9wagpkz-ffmpeg-8.1"
            }
          ],
          "store_path": "/nix/store/9189pnq5pjzsbqmp9l8rkr9kwbwmg2w6-ffmpeg-8.1-bin"
        },
        "x86_64-darwin": {
          "outputs": [
            {
              "name": "bin",
              "path": "/nix/store/qjil0v0y05rcrs2bzyijwyb90d5zfbzw-ffmpeg-8.1-bin",
              "default": true
            },
            {
              "name": "man",
              "path": "/nix/store/481y1x104ril85y1fdvpf55yk6r9n732-ffmpeg-8.1-man",
              "default": true
            },
            {
              "name": "out",
              "path": "/nix/store/his8zz9p0mc0azz3rwjyknydn0d67n6s-ffmpeg-8.1"
            },
            {
              "name": "data",
              "path": "/nix/store/hrvdbg19nsdh94rzvgxcvvkkq6rkph2k-ffmpeg-8.1-data"
            },
            {
              "name": "dev",
              "path": "/nix/store/8r42iwc8pcz420gjczzgmgy86kn8wc39-ffmpeg-8.1-dev"
            },
            {
              "name": "doc",
              "path": "/nix/store/mwn24al75gjgm42nck1bckmplv2zdz8h-ffmpeg-8.1-doc"
            },
            {
              "name": "lib",
              "path": "/nix/store/7vy887l5yhwaisic91xj6rdp7m7vd8jm-ffmpeg-8.1-lib"
            }
          ],
          "store_path": "/nix/store/qjil0v0y05rcrs2bzyijwyb90d5zfbzw-ffmpeg-8.1-bin"
        },
        "x86_64-linux": {
          "outputs": [
            {
              "name": "bin",
              "path": "/nix/store/281zx8sanx5fcp8j6advwics7gwdvdaz-ffmpeg-8.1-bin",
              "default": true
            },
            {
              "name": "man",
              "path": "/nix/store/dnnz7b0444c6pb6q8rippk90sl0pnz1n-ffmpeg-8.1-man",
              "default": true
            },
            {
              "name": "out",
              "path": "/nix/store/84h52wlvlvb2y7hmm6338m7i4m1mpi0v-ffmpeg-8.1"
            },
            {
              "name": "data",
              "path": "/nix/store/pxxjhd9y7z2anp67bp6j4002r9bnwizf-ffmpeg-8.1-data"
            },
            {
              "name": "dev",
              "path": "/nix/store/7rv05vh6qh1sfiirhjkfjp2gskqhxdp9-ffmpeg-8.1-dev"
            },
            {
              "name": "doc",
              "path": "/nix/store/m0k08lknppyyk6dh58157i835da3qnxx-ffmpeg-8.1-doc"
            },
            {
              "name": "lib",
              "path": "/nix/store/xvrjmskfrp07gmh1zzlyfkv50nw40dcv-ffmpeg-8.1-lib"
            }
          ],
          "store_path": "/nix/store/281zx8sanx5fcp8j6advwics7gwdvdaz-ffmpeg-8.1-bin"
        }
      }
    },
    "gh@2.92.0": {
      "last_modified": "2026-05-01T13:14:57Z",
      "resolved": "github:NixOS/nixpkgs/c6d65881c5624c9cae5ea6cedef24699b0c0a4c0#gh",
      "source": "devbox-search",
      "version": "2.92.0",
      "systems": {
        "aarch64-darwin": {
          "outputs": [
            {
              "name": "out",
              "path": "/nix/store/iqnlcrakmwilxwwm2v127lvic5f11wj4-gh-2.92.0",
              "default": true
            }
          ],
          "store_path": "/nix/store/iqnlcrakmwilxwwm2v127lvic5f11wj4-gh-2.92.0"
        },
        "aarch64-linux": {
          "outputs": [
            {
              "name": "out",
              "path": "/nix/store/rh89irgvdyragn9269ja281wz97rrzjp-gh-2.92.0",
              "default": true
            }
          ],
          "store_path": "/nix/store/rh89irgvdyragn9269ja281wz97rrzjp-gh-2.92.0"
        },
        "x86_64-darwin": {
          "outputs": [
            {
              "name": "out",
              "path": "/nix/store/v2baccv5siwfhqdk8lz570vncd3i5ali-gh-2.92.0",
              "default": true
            }
          ],
          "store_path": "/nix/store/v2baccv5siwfhqdk8lz570vncd3i5ali-gh-2.92.0"
        },
        "x86_64-linux": {
          "outputs": [
            {
              "name": "out",
              "path": "/nix/store/y3m73nv1ry783kqfjqq17p3kxxaxx5d1-gh-2.92.0",
              "default": true
            }
          ],
          "store_path": "/nix/store/y3m73nv1ry783kqfjqq17p3kxxaxx5d1-gh-2.92.0"
        }
      }
    },
    "git@2.53.0": {
      "last_modified": "2026-03-21T07:29:51Z",
      "resolved": "github:NixOS/nixpkgs/09061f748ee21f68a089cd5d91ec1859cd93d0be#git",
      "source": "devbox-search",
      "version": "2.53.0",
      "systems": {
        "aarch64-darwin": {
          "outputs": [
            {
              "name": "out",
              "path": "/nix/store/6qbj40r0s289k5slmy8yna5x2hfz01wg-git-2.53.0",
              "default": true
            },
            {
              "name": "doc",
              "path": "/nix/store/xp9w7bcl4c78268kn82qdayqglj0zdxa-git-2.53.0-doc"
            }
          ],
          "store_path": "/nix/store/6qbj40r0s289k5slmy8yna5x2hfz01wg-git-2.53.0"
        },
        "aarch64-linux": {
          "outputs": [
            {
              "name": "out",
              "path": "/nix/store/0vbb6j0ppx1w8cw28h7w8s2dzla9j3m6-git-2.53.0",
              "default": true
            },
            {
              "name": "debug",
              "path": "/nix/store/gaj4q67pid2pcy9nvh2ysv4728wxj5m4-git-2.53.0-debug"
            },
            {
              "name": "doc",
              "path": "/nix/store/9mrg9g0w2b4cfdppq3n4zvhkvyixvqpx-git-2.53.0-doc"
            }
          ],
          "store_path": "/nix/store/0vbb6j0ppx1w8cw28h7w8s2dzla9j3m6-git-2.53.0"
        },
        "x86_64-darwin": {
          "outputs": [
            {
              "name": "out",
              "path": "/nix/store/2q2hzaclp1rsj65h21lng7wa26vawhnq-git-2.53.0",
              "default": true
            },
            {
              "name": "doc",
              "path": "/nix/store/yi2mi426la2x7rggv0a0ah11s2dangz4-git-2.53.0-doc"
            }
          ],
          "store_path": "/nix/store/2q2hzaclp1rsj65h21lng7wa26vawhnq-git-2.53.0"
        },
        "x86_64-linux": {
          "outputs": [
            {
              "name": "out",
              "path": "/nix/store/7yvcckar1lzhqnr0xx2n19nsdjd4qa4d-git-2.53.0",
              "default": true
            },
            {
              "name": "debug",
              "path": "/nix/store/9xs1n97fsdbgnk8cxbdx3hqlz6fdaynb-git-2.53.0-debug"
            },
            {
              "name": "doc",
              "path": "/nix/store/rv7cz5lz1qmbdnh3zrpv0j0wa5ivaacq-git-2.53.0-doc"
            }
          ],
          "store_path": "/nix/store/7yvcckar1lzhqnr0xx2n19nsdjd4qa4d-git-2.53.0"
        }
      }
    },
    "github:NixOS/nixpkgs/nixpkgs-unstable": {
      "last_modified": "2026-03-11T04:01:32Z",
      "resolved": "github:NixOS/nixpkgs/b6067cc0127d4db9c26c79e4de0513e58d0c40c9?lastModified=1773201692"
    },
    "go-task@3.48.0": {
      "last_modified": "2026-03-21T07:29:51Z",
      "resolved": "github:NixOS/nixpkgs/09061f748ee21f68a089cd5d91ec1859cd93d0be#go-task",
      "source": "devbox-search",
      "version": "3.48.0",
      "systems": {
        "aarch64-darwin": {
          "outputs": [
            {
              "name": "out",
              "path": "/nix/store/sab4xhgi6cs6rnxsx33dxqg2zcir52rm-go-task-3.48.0",
              "default": true
            }
          ],
          "store_path": "/nix/store/sab4xhgi6cs6rnxsx33dxqg2zcir52rm-go-task-3.48.0"
        },
        "aarch64-linux": {
          "outputs": [
            {
              "name": "out",
              "path": "/nix/store/cidnjfhcp1qyxjih6qaa61hfyxy5k5ap-go-task-3.48.0",
              "default": true
            }
          ],
          "store_path": "/nix/store/cidnjfhcp1qyxjih6qaa61hfyxy5k5ap-go-task-3.48.0"
        },
        "x86_64-darwin": {
          "outputs": [
            {
              "name": "out",
              "path": "/nix/store/nxbwqrg7jx4l16q1c37kr510cv0cz1cw-go-task-3.48.0",
              "default": true
            }
          ],
          "store_path": "/nix/store/nxbwqrg7jx4l16q1c37kr510cv0cz1cw-go-task-3.48.0"
        },
        "x86_64-linux": {
          "outputs": [
            {
              "name": "out",
              "path": "/nix/store/qxs1p264gzz3nficzss2nsp7fs5cdi31-go-task-3.48.0",
              "default": true
            }
          ],
          "store_path": "/nix/store/qxs1p264gzz3nficzss2nsp7fs5cdi31-go-task-3.48.0"
        }
      }
    },
    "jq@1.8.1": {
      "last_modified": "2026-06-12T12:41:42Z",
      "resolved": "github:NixOS/nixpkgs/49a4bd0573c376468dd7996ddb6f9fa31d8c4d97#jq",
      "source": "devbox-search",
      "version": "1.8.1",
      "systems": {
        "aarch64-darwin": {
          "outputs": [
            {
              "name": "bin",
              "path": "/nix/store/d551vj6hjc2bqiyg8dim6lv1v1xw7841-jq-1.8.1-bin",
              "default": true
            },
            {
              "name": "man",
              "path": "/nix/store/cyykpwx7q87ryqyhkz4slm163300rzjh-jq-1.8.1-man",
              "default": true
            },
            {
              "name": "dev",
              "path": "/nix/store/dy2cgp8adlm5gl3hkpykcgccv4dlhawb-jq-1.8.1-dev"
            },
            {
              "name": "doc",
              "path": "/nix/store/afjz34n0jz7a0zjjp6qkvnxqph53ifbw-jq-1.8.1-doc"
            },
            {
              "name": "out",
              "path": "/nix/store/yj3m8xi9h48mz4i7732zcwbqbb8bl402-jq-1.8.1"
            }
          ],
          "store_path": "/nix/store/d551vj6hjc2bqiyg8dim6lv1v1xw7841-jq-1.8.1-bin"
        },
        "aarch64-linux": {
          "outputs": [
            {
              "name": "bin",
              "path": "/nix/store/d6mx57dmjq61j69ap45f6fm3jb0lslyc-jq-1.8.1-bin",
              "default": true
            },
            {
              "name": "man",
              "path": "/nix/store/bnwzc47h7zhc3zwkjmy4br8jd2ki9pyj-jq-1.8.1-man",
              "default": true
            },
            {
              "name": "dev",
              "path": "/nix/store/qv69wdjr2zd2w6yg5n8lxfn6c8mg4bwf-jq-1.8.1-dev"
            },
            {
              "name": "doc",
              "path": "/nix/store/fway55wsvvly58sz7zn7vlq68v0q1ig3-jq-1.8.1-doc"
            },
            {
              "name": "out",
              "path": "/nix/store/6y9n87w9lsk3x0fscm6kfirk3ssc0syr-jq-1.8.1"
            }
          ],
          "store_path": "/nix/store/d6mx57dmjq61j69ap45f6fm3jb0lslyc-jq-1.8.1-bin"
        },
        "x86_64-darwin": {
          "outputs": [
            {
              "name": "bin",
              "path": "/nix/store/pnm2frw3jwfrlycf730z5bfgixiyjal4-jq-1.8.1-bin",
              "default": true
            },
            {
              "name": "man",
              "path": "/nix/store/0yyamki3lhy0rp6vn45mn6cdhqb2c64a-jq-1.8.1-man",
              "default": true
            },
            {
              "name": "out",
              "path": "/nix/store/8c9m07iqwczlfzx1sk0c5g2a9nnzvhc3-jq-1.8.1"
            },
            {
              "name": "dev",
              "path": "/nix/store/hg1vhcfr1lwv39vn84cijdn187jmcfnj-jq-1.8.1-dev"
            },
            {
              "name": "doc",
              "path": "/nix/store/mzarfihn2c84s6qw7zp0rbbj7hb09dv2-jq-1.8.1-doc"
            }
          ],
          "store_path": "/nix/store/pnm2frw3jwfrlycf730z5bfgixiyjal4-jq-1.8.1-bin"
        },
        "x86_64-linux": {
          "outputs": [
            {
              "name": "bin",
              "path": "/nix/store/s04d6wm3kqjdgr7zdhlk214f6a2291ks-jq-1.8.1-bin",
              "default": true
            },
            {
              "name": "man",
              "path": "/nix/store/ncw52xsl5hgplh8csybbp9fli64iw1aq-jq-1.8.1-man",
              "default": true
            },
            {
              "name": "dev",
              "path": "/nix/store/fmsvbcz2s85pmszdvwp4mhlamiv5lnzg-jq-1.8.1-dev"
            },
            {
              "name": "doc",
              "path": "/nix/store/hhh2h4x4rhh6qbqa6620bvhz652cgw4m-jq-1.8.1-doc"
            },
            {
              "name": "out",
              "path": "/nix/store/7a1hndk12kz9wwh9sz8hzkkwgxq6rrnk-jq-1.8.1"
            }
          ],
          "store_path": "/nix/store/s04d6wm3kqjdgr7zdhlk214f6a2291ks-jq-1.8.1-bin"
        }
      }
    },
    "kubernetes-helm@3.19.1": {
      "last_modified": "2026-03-21T07:29:51Z",
      "resolved": "github:NixOS/nixpkgs/09061f748ee21f68a089cd5d91ec1859cd93d0be#kubernetes-helm",
      "source": "devbox-search",
      "version": "3.19.1",
      "systems": {
        "aarch64-darwin": {
          "outputs": [
            {
              "name": "out",
              "path": "/nix/store/lj80z1b76xig3lfn0s0cmj1lff99jrq3-kubernetes-helm-3.19.1",
              "default": true
            }
          ],
          "store_path": "/nix/store/lj80z1b76xig3lfn0s0cmj1lff99jrq3-kubernetes-helm-3.19.1"
        },
        "aarch64-linux": {
          "outputs": [
            {
              "name": "out",
              "path": "/nix/store/zzzspvhp2sxrcii8g6gi65c78mmc5ifg-kubernetes-helm-3.19.1",
              "default": true
            }
          ],
          "store_path": "/nix/store/zzzspvhp2sxrcii8g6gi65c78mmc5ifg-kubernetes-helm-3.19.1"
        },
        "x86_64-darwin": {
          "outputs": [
            {
              "name": "out",
              "path": "/nix/store/5wig6vkavjfp1jd3qbx9mbyiiqbfsa75-kubernetes-helm-3.19.1",
              "default": true
            }
          ],
          "store_path": "/nix/store/5wig6vkavjfp1jd3qbx9mbyiiqbfsa75-kubernetes-helm-3.19.1"
        },
        "x86_64-linux": {
          "outputs": [
            {
              "name": "out",
              "path": "/nix/store/6gdpshqw9zx0iz7g6xdkbkxkd5xc6kdd-kubernetes-helm-3.19.1",
              "default": true
            }
          ],
          "store_path": "/nix/store/6gdpshqw9zx0iz7g6xdkbkxkd5xc6kdd-kubernetes-helm-3.19.1"
        }
      }
    },
    "patchelf@0.15.2": {
      "last_modified": "2026-05-21T08:15:18Z",
      "resolved": "github:NixOS/nixpkgs/4a29d733e8a7d5b824c3d8c958a946a9867b3eb2#patchelf",
      "source": "devbox-search",
      "version": "0.15.2",
      "systems": {
        "aarch64-darwin": {
          "outputs": [
            {
              "name": "out",
              "path": "/nix/store/mhfxdnhm6245ik91990xrcna30md342a-patchelf-0.15.2",
              "default": true
            }
          ],
          "store_path": "/nix/store/mhfxdnhm6245ik91990xrcna30md342a-patchelf-0.15.2"
        },
        "aarch64-linux": {
          "outputs": [
            {
              "name": "out",
              "path": "/nix/store/4yp2n6439qwqa60hjyx4lx9550ckgvd9-patchelf-0.15.2",
              "default": true
            }
          ],
          "store_path": "/nix/store/4yp2n6439qwqa60hjyx4lx9550ckgvd9-patchelf-0.15.2"
        },
        "x86_64-darwin": {
          "outputs": [
            {
              "name": "out",
              "path": "/nix/store/y58zzc9gc8zxhdh75npkc5i4d32vm9bp-patchelf-0.15.2",
              "default": true
            }
          ],
          "store_path": "/nix/store/y58zzc9gc8zxhdh75npkc5i4d32vm9bp-patchelf-0.15.2"
        },
        "x86_64-linux": {
          "outputs": [
            {
              "name": "out",
              "path": "/nix/store/ilblcn1dkvzghcr2yk3av6jxn5rk1iqw-patchelf-0.15.2",
              "default": true
            }
          ],
          "store_path": "/nix/store/ilblcn1dkvzghcr2yk3av6jxn5rk1iqw-patchelf-0.15.2"
        }
      }
    },
    "pkg-config@0.29.2": {
      "last_modified": "2025-11-23T21:50:36Z",
      "resolved": "github:NixOS/nixpkgs/ee09932cedcef15aaf476f9343d1dea2cb77e261#pkg-config",
      "source": "devbox-search",
      "version": "0.29.2",
      "systems": {
        "aarch64-darwin": {
          "outputs": [
            {
              "name": "out",
              "path": "/nix/store/hygaaqwk9ylklp0ybwppqhw75nz8ya41-pkg-config-wrapper-0.29.2",
              "default": true
            },
            {
              "name": "man",
              "path": "/nix/store/9px0sji43x3r2w4zxl3j3idwsql7lwxx-pkg-config-wrapper-0.29.2-man",
              "default": true
            },
            {
              "name": "doc",
              "path": "/nix/store/hqk44ra6qxw7iixardl6c3hdgb9kq6ns-pkg-config-wrapper-0.29.2-doc"
            }
          ],
          "store_path": "/nix/store/hygaaqwk9ylklp0ybwppqhw75nz8ya41-pkg-config-wrapper-0.29.2"
        },
        "aarch64-linux": {
          "outputs": [
            {
              "name": "out",
              "path": "/nix/store/lbiigi8qbp7mzf1lpr7p982l1kyf01ql-pkg-config-wrapper-0.29.2",
              "default": true
            },
            {
              "name": "man",
              "path": "/nix/store/10060k24qggqyzlwdsfmni9y32zxcg0j-pkg-config-wrapper-0.29.2-man",
              "default": true
            },
            {
              "name": "doc",
              "path": "/nix/store/0y4v51ndpyvkj09hwlfqkz0c3h17zfmc-pkg-config-wrapper-0.29.2-doc"
            }
          ],
          "store_path": "/nix/store/lbiigi8qbp7mzf1lpr7p982l1kyf01ql-pkg-config-wrapper-0.29.2"
        },
        "x86_64-darwin": {
          "outputs": [
            {
              "name": "out",
              "path": "/nix/store/vknadizq0q5kffvx6y4379p9gdry9zq3-pkg-config-wrapper-0.29.2",
              "default": true
            },
            {
              "name": "man",
              "path": "/nix/store/1nyspra675q22gfhf7hn2nmfpi6rgim5-pkg-config-wrapper-0.29.2-man",
              "default": true
            },
            {
              "name": "doc",
              "path": "/nix/store/7lq1axxwrafwljs06n88bzyz9w523rkc-pkg-config-wrapper-0.29.2-doc"
            }
          ],
          "store_path": "/nix/store/vknadizq0q5kffvx6y4379p9gdry9zq3-pkg-config-wrapper-0.29.2"
        },
        "x86_64-linux": {
          "outputs": [
            {
              "name": "out",
              "path": "/nix/store/8vdiwpbh0g4avsd6x5v4s0di32vcl3dp-pkg-config-wrapper-0.29.2",
              "default": true
            },
            {
              "name": "man",
              "path": "/nix/store/j9xfpnrygg3v37svc5pfin9q5bm49r94-pkg-config-wrapper-0.29.2-man",
              "default": true
            },
            {
              "name": "doc",
              "path": "/nix/store/x3bypxdxaq20kykybhkf21x4jczsiy8y-pkg-config-wrapper-0.29.2-doc"
            }
          ],
          "store_path": "/nix/store/8vdiwpbh0g4avsd6x5v4s0di32vcl3dp-pkg-config-wrapper-0.29.2"
        }
      }
    },
    "rustc@1.94.1": {
      "last_modified": "2026-04-23T13:07:47Z",
      "plugin_version": "0.0.1",
      "resolved": "github:NixOS/nixpkgs/01fbdeef22b76df85ea168fbfe1bfd9e63681b30#rustc",
      "source": "devbox-search",
      "version": "1.94.1",
      "systems": {
        "aarch64-darwin": {
          "outputs": [
            {
              "name": "out",
              "path": "/nix/store/ldg6i5q2wwb0j4nnd1939cn7hdlsf8xl-rustc-wrapper-1.94.1",
              "default": true
            },
            {
              "name": "man",
              "path": "/nix/store/gljrw9zcrgnbmwgdxpw75klxf26i81sa-rustc-wrapper-1.94.1-man",
              "default": true
            },
            {
              "name": "doc",
              "path": "/nix/store/d0h4z9rx30ipgxb0r8pp2iy01fqmbvdn-rustc-wrapper-1.94.1-doc"
            }
          ],
          "store_path": "/nix/store/ldg6i5q2wwb0j4nnd1939cn7hdlsf8xl-rustc-wrapper-1.94.1"
        },
        "aarch64-linux": {
          "outputs": [
            {
              "name": "out",
              "path": "/nix/store/ixn1awaxpvayfp5na0b2gr0kianim6g8-rustc-wrapper-1.94.1",
              "default": true
            },
            {
              "name": "man",
              "path": "/nix/store/fvzjq79fryqp523s5dyqfwyfj2wi8afb-rustc-wrapper-1.94.1-man",
              "default": true
            },
            {
              "name": "doc",
              "path": "/nix/store/impmc1i7ifkbd4wvlxcybi0jhrafwxgb-rustc-wrapper-1.94.1-doc"
            }
          ],
          "store_path": "/nix/store/ixn1awaxpvayfp5na0b2gr0kianim6g8-rustc-wrapper-1.94.1"
        },
        "x86_64-darwin": {
          "outputs": [
            {
              "name": "out",
              "path": "/nix/store/szlbg4mqziywqn196x89q6n7xqdbx7dz-rustc-wrapper-1.94.1",
              "default": true
            },
            {
              "name": "man",
              "path": "/nix/store/wzrjq7km3gicbw2ag873hd9yf8qk2rn8-rustc-wrapper-1.94.1-man",
              "default": true
            },
            {
              "name": "doc",
              "path": "/nix/store/f2iqkj8xgpjqsh9idpywrg7bgh16jw2i-rustc-wrapper-1.94.1-doc"
            }
          ],
          "store_path": "/nix/store/szlbg4mqziywqn196x89q6n7xqdbx7dz-rustc-wrapper-1.94.1"
        },
        "x86_64-linux": {
          "outputs": [
            {
              "name": "out",
              "path": "/nix/store/ph8jb0mw89p4lfshpp36z70l6r4kg3vh-rustc-wrapper-1.94.1",
              "default": true
            },
            {
              "name": "man",
              "path": "/nix/store/h68fmikviqzaspyx3ccghx6cvr69cds3-rustc-wrapper-1.94.1-man",
              "default": true
            },
            {
              "name": "doc",
              "path": "/nix/store/kbnirgis5p5wlqb3wk11vgxa0c966lck-rustc-wrapper-1.94.1-doc"
            }
          ],
          "store_path": "/nix/store/ph8jb0mw89p4lfshpp36z70l6r4kg3vh-rustc-wrapper-1.94.1"
        }
      }
    },
    "rustfmt@1.94.1": {
      "last_modified": "2026-04-23T13:07:47Z",
      "resolved": "github:NixOS/nixpkgs/01fbdeef22b76df85ea168fbfe1bfd9e63681b30#rustfmt",
      "source": "devbox-search",
      "version": "1.94.1",
      "systems": {
        "aarch64-darwin": {
          "outputs": [
            {
              "name": "out",
              "path": "/nix/store/371msib7kcxjsjhck6562pfa0q9nn8mw-rustfmt-1.94.1",
              "default": true
            }
          ],
          "store_path": "/nix/store/371msib7kcxjsjhck6562pfa0q9nn8mw-rustfmt-1.94.1"
        },
        "aarch64-linux": {
          "outputs": [
            {
              "name": "out",
              "path": "/nix/store/y466x0p4r8qjz5z4qpcjd16y8vmlzhl3-rustfmt-1.94.1",
              "default": true
            }
          ],
          "store_path": "/nix/store/y466x0p4r8qjz5z4qpcjd16y8vmlzhl3-rustfmt-1.94.1"
        },
        "x86_64-darwin": {
          "outputs": [
            {
              "name": "out",
              "path": "/nix/store/xz887wb672i5sb1p5yj8mjm1190np784-rustfmt-1.94.1",
              "default": true
            }
          ],
          "store_path": "/nix/store/xz887wb672i5sb1p5yj8mjm1190np784-rustfmt-1.94.1"
        },
        "x86_64-linux": {
          "outputs": [
            {
              "name": "out",
              "path": "/nix/store/rsshbz486a0ka567awpbkbawaqdr40pd-rustfmt-1.94.1",
              "default": true
            }
          ],
          "store_path": "/nix/store/rsshbz486a0ka567awpbkbawaqdr40pd-rustfmt-1.94.1"
        }
      }
    },
    "upcloud-cli@3.29.0": {
      "last_modified": "2026-04-23T13:07:47Z",
      "resolved": "github:NixOS/nixpkgs/01fbdeef22b76df85ea168fbfe1bfd9e63681b30#upcloud-cli",
      "source": "devbox-search",
      "version": "3.29.0",
      "systems": {
        "aarch64-darwin": {
          "outputs": [
            {
              "name": "out",
              "path": "/nix/store/8q5mh9czcrvpswwlr3aliqryapdwp7j5-upcloud-cli-3.29.0",
              "default": true
            }
          ],
          "store_path": "/nix/store/8q5mh9czcrvpswwlr3aliqryapdwp7j5-upcloud-cli-3.29.0"
        },
        "aarch64-linux": {
          "outputs": [
            {
              "name": "out",
              "path": "/nix/store/kcy16hfkpmj2l4qmi4llasjvmwpy6qvq-upcloud-cli-3.29.0",
              "default": true
            }
          ],
          "store_path": "/nix/store/kcy16hfkpmj2l4qmi4llasjvmwpy6qvq-upcloud-cli-3.29.0"
        },
        "x86_64-darwin": {
          "outputs": [
            {
              "name": "out",
              "path": "/nix/store/wjwrlgp6n3b6l3ybpdcjd3rcsizr0463-upcloud-cli-3.29.0",
              "default": true
            }
          ],
          "store_path": "/nix/store/wjwrlgp6n3b6l3ybpdcjd3rcsizr0463-upcloud-cli-3.29.0"
        },
        "x86_64-linux": {
          "outputs": [
            {
              "name": "out",
              "path": "/nix/store/4w6v33l32ifxw1a6j1djkqy9gx29v8ai-upcloud-cli-3.29.0",
              "default": true
            }
          ],
          "store_path": "/nix/store/4w6v33l32ifxw1a6j1djkqy9gx29v8ai-upcloud-cli-3.29.0"
        }
      }
    },
    "vals@0.43.7": {
      "last_modified": "2026-03-12T22:11:02Z",
      "resolved": "github:NixOS/nixpkgs/24f4544180242cd80bb2492ce6907243bc716e08#vals",
      "source": "devbox-search",
      "version": "0.43.7",
      "systems": {
        "aarch64-darwin": {
          "outputs": [
            {
              "name": "out",
              "path": "/nix/store/siz2zkvdby4fajyqisk7jxpm1yyj6sjn-vals-0.43.7",
              "default": true
            }
          ],
          "store_path": "/nix/store/siz2zkvdby4fajyqisk7jxpm1yyj6sjn-vals-0.43.7"
        },
        "aarch64-linux": {
          "outputs": [
            {
              "name": "out",
              "path": "/nix/store/j040js0a4h39rs9n9fq6h0m8qvd1szsy-vals-0.43.7",
              "default": true
            }
          ],
          "store_path": "/nix/store/j040js0a4h39rs9n9fq6h0m8qvd1szsy-vals-0.43.7"
        },
        "x86_64-darwin": {
          "outputs": [
            {
              "name": "out",
              "path": "/nix/store/4c9srzz0vc6crcv6xv9rw32g222g2cih-vals-0.43.7",
              "default": true
            }
          ],
          "store_path": "/nix/store/4c9srzz0vc6crcv6xv9rw32g222g2cih-vals-0.43.7"
        },
        "x86_64-linux": {
          "outputs": [
            {
              "name": "out",
              "path": "/nix/store/5a3avdvrhn1222d0y7lrm1z9jsdlqv00-vals-0.43.7",
              "default": true
            }
          ],
          "store_path": "/nix/store/5a3avdvrhn1222d0y7lrm1z9jsdlqv00-vals-0.43.7"
        }
      }
    }
  }
}
