{
  "lockfile_version": "1",
  "packages": {
    "asciinema-agg@1.9.0": {
      "last_modified": "2026-08-01T16:34:20Z",
      "resolved": "github:NixOS/nixpkgs/a5cbcfe954791221bfffe2307f7d1a1bf61a871e#asciinema-agg",
      "source": "devbox-search",
      "version": "1.9.0",
      "systems": {
        "aarch64-darwin": {
          "outputs": [
            {
              "name": "out",
              "path": "/nix/store/5pj8hgxs3bb0gkf686xlk185r1f599vq-agg-1.9.0",
              "default": true
            }
          ],
          "store_path": "/nix/store/5pj8hgxs3bb0gkf686xlk185r1f599vq-agg-1.9.0"
        },
        "aarch64-linux": {
          "outputs": [
            {
              "name": "out",
              "path": "/nix/store/58zwz2p10jhmg2jjsp3qi3rw3iqgazx0-agg-1.9.0",
              "default": true
            }
          ],
          "store_path": "/nix/store/58zwz2p10jhmg2jjsp3qi3rw3iqgazx0-agg-1.9.0"
        },
        "x86_64-darwin": {
          "outputs": [
            {
              "name": "out",
              "path": "/nix/store/2y06sschld6v74q2m6x1rywnx7v65y26-agg-1.9.0",
              "default": true
            }
          ],
          "store_path": "/nix/store/2y06sschld6v74q2m6x1rywnx7v65y26-agg-1.9.0"
        },
        "x86_64-linux": {
          "outputs": [
            {
              "name": "out",
              "path": "/nix/store/7divipx4i04dld1kwp8bjfww2i1pmq6i-agg-1.9.0",
              "default": true
            }
          ],
          "store_path": "/nix/store/7divipx4i04dld1kwp8bjfww2i1pmq6i-agg-1.9.0"
        }
      }
    },
    "asciinema@3.2.1": {
      "last_modified": "2026-08-01T16:34:20Z",
      "resolved": "github:NixOS/nixpkgs/a5cbcfe954791221bfffe2307f7d1a1bf61a871e#asciinema",
      "source": "devbox-search",
      "version": "3.2.1",
      "systems": {
        "aarch64-darwin": {
          "outputs": [
            {
              "name": "out",
              "path": "/nix/store/m1qn38899y6k06yq413jgifdw4qglfrv-asciinema-3.2.1",
              "default": true
            }
          ],
          "store_path": "/nix/store/m1qn38899y6k06yq413jgifdw4qglfrv-asciinema-3.2.1"
        },
        "aarch64-linux": {
          "outputs": [
            {
              "name": "out",
              "path": "/nix/store/89b01i19yxrj1vfssxybzb2wmkhy7zv8-asciinema-3.2.1",
              "default": true
            }
          ],
          "store_path": "/nix/store/89b01i19yxrj1vfssxybzb2wmkhy7zv8-asciinema-3.2.1"
        },
        "x86_64-darwin": {
          "outputs": [
            {
              "name": "out",
              "path": "/nix/store/dm5ykwi5qlimwjsacby2b1x470da221i-asciinema-3.2.1",
              "default": true
            }
          ],
          "store_path": "/nix/store/dm5ykwi5qlimwjsacby2b1x470da221i-asciinema-3.2.1"
        },
        "x86_64-linux": {
          "outputs": [
            {
              "name": "out",
              "path": "/nix/store/4l005md9v2x0j34ch4v7acc8jk90i99b-asciinema-3.2.1",
              "default": true
            }
          ],
          "store_path": "/nix/store/4l005md9v2x0j34ch4v7acc8jk90i99b-asciinema-3.2.1"
        }
      }
    },
    "cargo-nextest@0.9.143": {
      "last_modified": "2026-08-08T22:24:59Z",
      "resolved": "github:NixOS/nixpkgs/fe6deff5fad4a42d0e08d2bab3f2d6c7c88f3fe5#cargo-nextest",
      "source": "devbox-search",
      "version": "0.9.143",
      "systems": {
        "aarch64-darwin": {
          "outputs": [
            {
              "name": "out",
              "path": "/nix/store/wzrxcj26bki9v0k0skcrswcsjr4g155r-cargo-nextest-0.9.143",
              "default": true
            }
          ],
          "store_path": "/nix/store/wzrxcj26bki9v0k0skcrswcsjr4g155r-cargo-nextest-0.9.143"
        },
        "aarch64-linux": {
          "outputs": [
            {
              "name": "out",
              "path": "/nix/store/6rmkab666yb3si0khczzxz5xry5pkd0j-cargo-nextest-0.9.143",
              "default": true
            }
          ],
          "store_path": "/nix/store/6rmkab666yb3si0khczzxz5xry5pkd0j-cargo-nextest-0.9.143"
        },
        "x86_64-linux": {
          "outputs": [
            {
              "name": "out",
              "path": "/nix/store/c1pyy0vvbhqfyl73qf2g97a4pcdi5vym-cargo-nextest-0.9.143",
              "default": true
            }
          ],
          "store_path": "/nix/store/c1pyy0vvbhqfyl73qf2g97a4pcdi5vym-cargo-nextest-0.9.143"
        }
      }
    },
    "cargo@1.97.1": {
      "last_modified": "2026-08-01T16:34:20Z",
      "resolved": "github:NixOS/nixpkgs/a5cbcfe954791221bfffe2307f7d1a1bf61a871e#cargo",
      "source": "devbox-search",
      "version": "1.97.1",
      "systems": {
        "aarch64-darwin": {
          "outputs": [
            {
              "name": "out",
              "path": "/nix/store/qxkwknjc7vxn3bgikxkpf0bzz76w1cwi-cargo-1.97.1",
              "default": true
            }
          ],
          "store_path": "/nix/store/qxkwknjc7vxn3bgikxkpf0bzz76w1cwi-cargo-1.97.1"
        },
        "aarch64-linux": {
          "outputs": [
            {
              "name": "out",
              "path": "/nix/store/5a10b0byalr42xpsyklzmrsfgnknqjw6-cargo-1.97.1",
              "default": true
            }
          ],
          "store_path": "/nix/store/5a10b0byalr42xpsyklzmrsfgnknqjw6-cargo-1.97.1"
        },
        "x86_64-linux": {
          "outputs": [
            {
              "name": "out",
              "path": "/nix/store/k72ws5y5hqp187dasmnfikm0hz5xy432-cargo-1.97.1",
              "default": true
            }
          ],
          "store_path": "/nix/store/k72ws5y5hqp187dasmnfikm0hz5xy432-cargo-1.97.1"
        }
      }
    },
    "clippy@1.97.1": {
      "last_modified": "2026-08-01T16:34:20Z",
      "resolved": "github:NixOS/nixpkgs/a5cbcfe954791221bfffe2307f7d1a1bf61a871e#clippy",
      "source": "devbox-search",
      "version": "1.97.1",
      "systems": {
        "aarch64-darwin": {
          "outputs": [
            {
              "name": "out",
              "path": "/nix/store/jd8916d32g8q2121jk1nn52bgw3b9p7i-clippy-1.97.1",
              "default": true
            }
          ],
          "store_path": "/nix/store/jd8916d32g8q2121jk1nn52bgw3b9p7i-clippy-1.97.1"
        },
        "aarch64-linux": {
          "outputs": [
            {
              "name": "out",
              "path": "/nix/store/rwfvqb9xf5m3bs26a4m0pajfhblc03mb-clippy-1.97.1",
              "default": true
            },
            {
              "name": "debug",
              "path": "/nix/store/714wnsshwkmxp77rxrjmjqisbjdiibvr-clippy-1.97.1-debug"
            }
          ],
          "store_path": "/nix/store/rwfvqb9xf5m3bs26a4m0pajfhblc03mb-clippy-1.97.1"
        },
        "x86_64-linux": {
          "outputs": [
            {
              "name": "out",
              "path": "/nix/store/lav2qs01gd9v1j2msbky6dilasayv104-clippy-1.97.1",
              "default": true
            },
            {
              "name": "debug",
              "path": "/nix/store/6wjjjrk8xv9lwp9ird2gppdzvvjzlwyj-clippy-1.97.1-debug"
            }
          ],
          "store_path": "/nix/store/lav2qs01gd9v1j2msbky6dilasayv104-clippy-1.97.1"
        }
      }
    },
    "curl@8.17.0": {
      "last_modified": "2025-12-05T15:03:55Z",
      "resolved": "github:NixOS/nixpkgs/a672be65651c80d3f592a89b3945466584a22069#curl",
      "source": "devbox-search",
      "version": "8.17.0",
      "systems": {
        "aarch64-darwin": {
          "outputs": [
            {
              "name": "bin",
              "path": "/nix/store/qfwqcndy8bji6xww0gizclf2nqi2qpph-curl-8.17.0-bin",
              "default": true
            },
            {
              "name": "man",
              "path": "/nix/store/rk815zvrhwzbi7c6d589v2mhxzyzb400-curl-8.17.0-man",
              "default": true
            },
            {
              "name": "dev",
              "path": "/nix/store/ydp55g2mbd6rk6lfw0krkk3jwgdiqj5d-curl-8.17.0-dev"
            },
            {
              "name": "devdoc",
              "path": "/nix/store/8s884m82fmrbiyz8malglqc4sd632dkc-curl-8.17.0-devdoc"
            },
            {
              "name": "out",
              "path": "/nix/store/yxv8fxaz0fyhc31dv3rz89kc50zw5hgj-curl-8.17.0"
            }
          ],
          "store_path": "/nix/store/qfwqcndy8bji6xww0gizclf2nqi2qpph-curl-8.17.0-bin"
        },
        "aarch64-linux": {
          "outputs": [
            {
              "name": "bin",
              "path": "/nix/store/4x19j6zihdl6pya63xs8g360f2r614sx-curl-8.17.0-bin",
              "default": true
            },
            {
              "name": "man",
              "path": "/nix/store/b29qbmbfvzkm34k0jnj8ykqg2gzj3rdy-curl-8.17.0-man",
              "default": true
            },
            {
              "name": "debug",
              "path": "/nix/store/5hmbdk99knmbg8b0fzh96bv6bkcf6v5i-curl-8.17.0-debug"
            },
            {
              "name": "dev",
              "path": "/nix/store/iqs9mjscns3h5npgkrhgr5xa7qzwd0si-curl-8.17.0-dev"
            },
            {
              "name": "devdoc",
              "path": "/nix/store/1fwncv08c8g78k3hj3cj375vx92ndrp8-curl-8.17.0-devdoc"
            },
            {
              "name": "out",
              "path": "/nix/store/b0a6qc92vybjiggh0kg387cg0zp3kl6j-curl-8.17.0"
            }
          ],
          "store_path": "/nix/store/4x19j6zihdl6pya63xs8g360f2r614sx-curl-8.17.0-bin"
        },
        "x86_64-darwin": {
          "outputs": [
            {
              "name": "bin",
              "path": "/nix/store/w2336wv560g1n58cwashmmczdn3bfkq1-curl-8.17.0-bin",
              "default": true
            },
            {
              "name": "man",
              "path": "/nix/store/i6xmhcan8g4abda7ivv20nvwxrsssjqj-curl-8.17.0-man",
              "default": true
            },
            {
              "name": "devdoc",
              "path": "/nix/store/ipa7v9z7pjcnnv0fmdya1fldcxv0a28z-curl-8.17.0-devdoc"
            },
            {
              "name": "out",
              "path": "/nix/store/x9gyg634fi8mgcyay9mqa1ral7xg72fm-curl-8.17.0"
            },
            {
              "name": "dev",
              "path": "/nix/store/39zfdgq9kg3mb4sycf8pj4pdssrzki6c-curl-8.17.0-dev"
            }
          ],
          "store_path": "/nix/store/w2336wv560g1n58cwashmmczdn3bfkq1-curl-8.17.0-bin"
        },
        "x86_64-linux": {
          "outputs": [
            {
              "name": "bin",
              "path": "/nix/store/0rfz69vp1nl0q2hxzig20hc60sk72z62-curl-8.17.0-bin",
              "default": true
            },
            {
              "name": "man",
              "path": "/nix/store/ijd0yybyzwm98d3q6x7a9cyixgxk0i5d-curl-8.17.0-man",
              "default": true
            },
            {
              "name": "debug",
              "path": "/nix/store/h1fxw0xrifxvbhcp7b8hxsgirxxxfzav-curl-8.17.0-debug"
            },
            {
              "name": "dev",
              "path": "/nix/store/ikmdk37frjdblkba3wl3xws2wwgln17x-curl-8.17.0-dev"
            },
            {
              "name": "devdoc",
              "path": "/nix/store/jm6irg81cc0hqg43l39lkxr6pb0w2xk5-curl-8.17.0-devdoc"
            },
            {
              "name": "out",
              "path": "/nix/store/8idis3j5l13c3x74jl8xly0k4qyk9mx6-curl-8.17.0"
            }
          ],
          "store_path": "/nix/store/0rfz69vp1nl0q2hxzig20hc60sk72z62-curl-8.17.0-bin"
        }
      }
    },
    "ffmpeg@8.1.2": {
      "last_modified": "2026-08-01T16:34:20Z",
      "resolved": "github:NixOS/nixpkgs/a5cbcfe954791221bfffe2307f7d1a1bf61a871e#ffmpeg",
      "source": "devbox-search",
      "version": "8.1.2",
      "systems": {
        "aarch64-darwin": {
          "outputs": [
            {
              "name": "bin",
              "path": "/nix/store/7v8zx62rpcnr0qz2fj51nz72g65g5dar-ffmpeg-8.1.2-bin",
              "default": true
            },
            {
              "name": "man",
              "path": "/nix/store/33ygdwc2i0dbbj8s00f8m0dxpy4wzfap-ffmpeg-8.1.2-man",
              "default": true
            },
            {
              "name": "lib",
              "path": "/nix/store/hskqcn39d6vlycl5ajw58qbglg5p1rrf-ffmpeg-8.1.2-lib"
            },
            {
              "name": "out",
              "path": "/nix/store/lwdywcg4mzg8v19k21l2gnfbgrmm7k18-ffmpeg-8.1.2"
            },
            {
              "name": "data",
              "path": "/nix/store/41kngjbnj1vr17ga30yam1vajdwg0592-ffmpeg-8.1.2-data"
            },
            {
              "name": "dev",
              "path": "/nix/store/b3i7r4bfi760xx94swr1c0c8as291say-ffmpeg-8.1.2-dev"
            },
            {
              "name": "doc",
              "path": "/nix/store/6w3fb9dazdn7k6izgm4jbiv0npsjygwq-ffmpeg-8.1.2-doc"
            }
          ],
          "store_path": "/nix/store/7v8zx62rpcnr0qz2fj51nz72g65g5dar-ffmpeg-8.1.2-bin"
        },
        "aarch64-linux": {
          "outputs": [
            {
              "name": "bin",
              "path": "/nix/store/8mx60n2lphp5b08qqbmydjgd2c54ban8-ffmpeg-8.1.2-bin",
              "default": true
            },
            {
              "name": "man",
              "path": "/nix/store/b4mznk890ck7cipmypg5brf7kwbzjz39-ffmpeg-8.1.2-man",
              "default": true
            },
            {
              "name": "data",
              "path": "/nix/store/nzk0w5azlci8x66jq55iww3jkncp49gx-ffmpeg-8.1.2-data"
            },
            {
              "name": "dev",
              "path": "/nix/store/z1a9sna6xi1lq03rn0swycfvy7rlwdq5-ffmpeg-8.1.2-dev"
            },
            {
              "name": "doc",
              "path": "/nix/store/s1gwwvycqbh3a4awfcmzr3w0ik5p45a3-ffmpeg-8.1.2-doc"
            },
            {
              "name": "lib",
              "path": "/nix/store/79d16bdq454ynvn8c1d90wh7fk1h6bvc-ffmpeg-8.1.2-lib"
            },
            {
              "name": "out",
              "path": "/nix/store/9xbvb84wh7h52iqgfw3jy8b1mlnp5lnw-ffmpeg-8.1.2"
            }
          ],
          "store_path": "/nix/store/8mx60n2lphp5b08qqbmydjgd2c54ban8-ffmpeg-8.1.2-bin"
        },
        "x86_64-linux": {
          "outputs": [
            {
              "name": "bin",
              "path": "/nix/store/dxkxkr8jdqzcxy37ja3d6561v5hj86fd-ffmpeg-8.1.2-bin",
              "default": true
            },
            {
              "name": "man",
              "path": "/nix/store/hznb91mwz5qcrzkgq7nr12l754hqdr5i-ffmpeg-8.1.2-man",
              "default": true
            },
            {
              "name": "dev",
              "path": "/nix/store/9cfbhvpkxd14blsx852kyq5a5qk64cvn-ffmpeg-8.1.2-dev"
            },
            {
              "name": "doc",
              "path": "/nix/store/sgch43g2fj5dma1kbhlm61dk01jw3fav-ffmpeg-8.1.2-doc"
            },
            {
              "name": "lib",
              "path": "/nix/store/bv6srla8j47n8dxbb9fyzhs74xi0qq4x-ffmpeg-8.1.2-lib"
            },
            {
              "name": "out",
              "path": "/nix/store/8g4d1a44fa330lqqq0zhmdbj0kq50cca-ffmpeg-8.1.2"
            },
            {
              "name": "data",
              "path": "/nix/store/6x4f9ip0bfs2vd1ilcvmpzaxp48a1p00-ffmpeg-8.1.2-data"
            }
          ],
          "store_path": "/nix/store/dxkxkr8jdqzcxy37ja3d6561v5hj86fd-ffmpeg-8.1.2-bin"
        }
      }
    },
    "gh@2.97.0": {
      "last_modified": "2026-08-01T16:34:20Z",
      "resolved": "github:NixOS/nixpkgs/a5cbcfe954791221bfffe2307f7d1a1bf61a871e#gh",
      "source": "devbox-search",
      "version": "2.97.0",
      "systems": {
        "aarch64-darwin": {
          "outputs": [
            {
              "name": "out",
              "path": "/nix/store/9q6i0m1x1wx24vknbs3iglvnr5aw1hxb-gh-2.97.0",
              "default": true
            }
          ],
          "store_path": "/nix/store/9q6i0m1x1wx24vknbs3iglvnr5aw1hxb-gh-2.97.0"
        },
        "aarch64-linux": {
          "outputs": [
            {
              "name": "out",
              "path": "/nix/store/8zf6nxnc574nlipbhq4z46ij22hqd9ac-gh-2.97.0",
              "default": true
            }
          ],
          "store_path": "/nix/store/8zf6nxnc574nlipbhq4z46ij22hqd9ac-gh-2.97.0"
        },
        "x86_64-linux": {
          "outputs": [
            {
              "name": "out",
              "path": "/nix/store/7ayrbzjnm88xn12lfv99c1sqprlc2bwr-gh-2.97.0",
              "default": true
            }
          ],
          "store_path": "/nix/store/7ayrbzjnm88xn12lfv99c1sqprlc2bwr-gh-2.97.0"
        }
      }
    },
    "git@2.55.0": {
      "last_modified": "2026-08-01T16:34:20Z",
      "resolved": "github:NixOS/nixpkgs/a5cbcfe954791221bfffe2307f7d1a1bf61a871e#git",
      "source": "devbox-search",
      "version": "2.55.0",
      "systems": {
        "aarch64-darwin": {
          "outputs": [
            {
              "name": "out",
              "path": "/nix/store/rim5n939lwjc8mah63ld1q31i6n7bvf0-git-2.55.0",
              "default": true
            },
            {
              "name": "doc",
              "path": "/nix/store/y34pxb3x3h1gyvcfvanqlfjzm0c86cb4-git-2.55.0-doc"
            }
          ],
          "store_path": "/nix/store/rim5n939lwjc8mah63ld1q31i6n7bvf0-git-2.55.0"
        },
        "aarch64-linux": {
          "outputs": [
            {
              "name": "out",
              "path": "/nix/store/v2iradivx07xjqwk2q71i57pwxw6wh4g-git-2.55.0",
              "default": true
            },
            {
              "name": "debug",
              "path": "/nix/store/nsck4ncjjmdy8c5h83yw297c7xxv64xx-git-2.55.0-debug"
            },
            {
              "name": "doc",
              "path": "/nix/store/bz8bdi34lg4w10kxs9bm93658ary5rrz-git-2.55.0-doc"
            }
          ],
          "store_path": "/nix/store/v2iradivx07xjqwk2q71i57pwxw6wh4g-git-2.55.0"
        },
        "x86_64-linux": {
          "outputs": [
            {
              "name": "out",
              "path": "/nix/store/6f0qqak4qbcrbw4f750phr88c9yhpf5s-git-2.55.0",
              "default": true
            },
            {
              "name": "debug",
              "path": "/nix/store/rwiamhfaqkns90xsalafayg01afk3pza-git-2.55.0-debug"
            },
            {
              "name": "doc",
              "path": "/nix/store/bddpyi6cgkp3v8f58i900hymgfvkyag5-git-2.55.0-doc"
            }
          ],
          "store_path": "/nix/store/6f0qqak4qbcrbw4f750phr88c9yhpf5s-git-2.55.0"
        }
      }
    },
    "github:NixOS/nixpkgs/nixpkgs-unstable": {
      "last_modified": "2026-08-01T16:34:20Z",
      "resolved": "github:NixOS/nixpkgs/a5cbcfe954791221bfffe2307f7d1a1bf61a871e?lastModified=1785602060&narHash=sha256-z7D96eESRM4CPV%2FXtwpwFn8IDdfLAmxz6lVWrGYXvR4%3D"
    },
    "go-task@3.48.0": {
      "last_modified": "2026-08-01T16:34:20Z",
      "resolved": "github:NixOS/nixpkgs/a5cbcfe954791221bfffe2307f7d1a1bf61a871e#go-task",
      "source": "devbox-search",
      "version": "3.48.0",
      "systems": {
        "aarch64-darwin": {
          "outputs": [
            {
              "name": "out",
              "path": "/nix/store/wz6jrv59c01rqzaij5qri7ml7xw69jhh-go-task-3.48.0",
              "default": true
            }
          ],
          "store_path": "/nix/store/wz6jrv59c01rqzaij5qri7ml7xw69jhh-go-task-3.48.0"
        },
        "aarch64-linux": {
          "outputs": [
            {
              "name": "out",
              "path": "/nix/store/9sra1gbcfli5hy0as8wwp13c1gi5prw6-go-task-3.48.0",
              "default": true
            }
          ],
          "store_path": "/nix/store/9sra1gbcfli5hy0as8wwp13c1gi5prw6-go-task-3.48.0"
        },
        "x86_64-darwin": {
          "outputs": [
            {
              "name": "out",
              "path": "/nix/store/q7mxf9b9kcphb3lxrzn4mqazb9nrvlnz-go-task-3.48.0",
              "default": true
            }
          ],
          "store_path": "/nix/store/q7mxf9b9kcphb3lxrzn4mqazb9nrvlnz-go-task-3.48.0"
        },
        "x86_64-linux": {
          "outputs": [
            {
              "name": "out",
              "path": "/nix/store/72lkcbkm5ki6af8dwy95nxqyv4g4lw2b-go-task-3.48.0",
              "default": true
            }
          ],
          "store_path": "/nix/store/72lkcbkm5ki6af8dwy95nxqyv4g4lw2b-go-task-3.48.0"
        }
      }
    },
    "jq@1.8.2": {
      "last_modified": "2026-08-01T16:34:20Z",
      "resolved": "github:NixOS/nixpkgs/a5cbcfe954791221bfffe2307f7d1a1bf61a871e#jq",
      "source": "devbox-search",
      "version": "1.8.2",
      "systems": {
        "aarch64-darwin": {
          "outputs": [
            {
              "name": "bin",
              "path": "/nix/store/si622aj9znsy96kdwsrg54dxzp9m35qw-jq-1.8.2-bin",
              "default": true
            },
            {
              "name": "man",
              "path": "/nix/store/jp2c61il2ycagni1j5c1jrglnypvbf5k-jq-1.8.2-man",
              "default": true
            },
            {
              "name": "dev",
              "path": "/nix/store/zcvl9cnw5a44f74gw8aa8fh8cfynjc76-jq-1.8.2-dev"
            },
            {
              "name": "doc",
              "path": "/nix/store/4s66blj2afdqbzaq8ilw30v7kpjb6ypw-jq-1.8.2-doc"
            },
            {
              "name": "out",
              "path": "/nix/store/z28yr7h99fi3mch4dh3bc50bjk6malsl-jq-1.8.2"
            }
          ],
          "store_path": "/nix/store/si622aj9znsy96kdwsrg54dxzp9m35qw-jq-1.8.2-bin"
        },
        "aarch64-linux": {
          "outputs": [
            {
              "name": "bin",
              "path": "/nix/store/rjaclwgima9ssysv7v0h2hq46g8sikd4-jq-1.8.2-bin",
              "default": true
            },
            {
              "name": "man",
              "path": "/nix/store/1w15pijismpwnainv71a6pdnsypjnqg7-jq-1.8.2-man",
              "default": true
            },
            {
              "name": "dev",
              "path": "/nix/store/yy0mx8yjmzkk154mmp1vx4b0kz0ndw6y-jq-1.8.2-dev"
            },
            {
              "name": "doc",
              "path": "/nix/store/yqx0xva9dq6rnvxgwcadrmni1l8ympa1-jq-1.8.2-doc"
            },
            {
              "name": "out",
              "path": "/nix/store/0x995g1z807ynhzsh2f6yj0jsw6pr50f-jq-1.8.2"
            }
          ],
          "store_path": "/nix/store/rjaclwgima9ssysv7v0h2hq46g8sikd4-jq-1.8.2-bin"
        },
        "x86_64-linux": {
          "outputs": [
            {
              "name": "bin",
              "path": "/nix/store/4b6f9wb1qak318gk7mxlfkhril6lxpcx-jq-1.8.2-bin",
              "default": true
            },
            {
              "name": "man",
              "path": "/nix/store/4zwaa20khsi2drbg16i5z3wxbjf88mm6-jq-1.8.2-man",
              "default": true
            },
            {
              "name": "dev",
              "path": "/nix/store/sp8a7n50g32lzzsc7dz09ry2vc9bh4y0-jq-1.8.2-dev"
            },
            {
              "name": "doc",
              "path": "/nix/store/dp4rs4vpwp44c7vvgskj1hly0d6xqf2m-jq-1.8.2-doc"
            },
            {
              "name": "out",
              "path": "/nix/store/z438hrlp3j75bpmq87ymzabb8vrda8ps-jq-1.8.2"
            }
          ],
          "store_path": "/nix/store/4b6f9wb1qak318gk7mxlfkhril6lxpcx-jq-1.8.2-bin"
        }
      }
    },
    "ripgrep@15.2.0": {
      "last_modified": "2026-08-01T16:34:20Z",
      "resolved": "github:NixOS/nixpkgs/a5cbcfe954791221bfffe2307f7d1a1bf61a871e#ripgrep",
      "source": "devbox-search",
      "version": "15.2.0",
      "systems": {
        "aarch64-darwin": {
          "outputs": [
            {
              "name": "out",
              "path": "/nix/store/d269b55pk3m8bfzmf4fjd9nj57vick1n-ripgrep-15.2.0",
              "default": true
            }
          ],
          "store_path": "/nix/store/d269b55pk3m8bfzmf4fjd9nj57vick1n-ripgrep-15.2.0"
        },
        "aarch64-linux": {
          "outputs": [
            {
              "name": "out",
              "path": "/nix/store/19wxr8hcynk6025kq7yk3vmv6j2yjz21-ripgrep-15.2.0",
              "default": true
            }
          ],
          "store_path": "/nix/store/19wxr8hcynk6025kq7yk3vmv6j2yjz21-ripgrep-15.2.0"
        },
        "x86_64-linux": {
          "outputs": [
            {
              "name": "out",
              "path": "/nix/store/7jxi8055xhmw6jw567p1m6b7giwmznhf-ripgrep-15.2.0",
              "default": true
            }
          ],
          "store_path": "/nix/store/7jxi8055xhmw6jw567p1m6b7giwmznhf-ripgrep-15.2.0"
        }
      }
    },
    "rustc@1.97.1": {
      "last_modified": "2026-08-01T16:34:20Z",
      "plugin_version": "0.0.1",
      "resolved": "github:NixOS/nixpkgs/a5cbcfe954791221bfffe2307f7d1a1bf61a871e#rustc",
      "source": "devbox-search",
      "version": "1.97.1",
      "systems": {
        "aarch64-darwin": {
          "outputs": [
            {
              "name": "out",
              "path": "/nix/store/30vxq1swhjzrxq29mvzhf0b4xcvqmzds-rustc-wrapper-1.97.1",
              "default": true
            },
            {
              "name": "man",
              "path": "/nix/store/6xcrb8jy3dgy5xmiqa0amq7v02vjsc7p-rustc-wrapper-1.97.1-man",
              "default": true
            },
            {
              "name": "doc",
              "path": "/nix/store/288kqi06y566q39csv4n9p1kxhvaizka-rustc-wrapper-1.97.1-doc"
            }
          ],
          "store_path": "/nix/store/30vxq1swhjzrxq29mvzhf0b4xcvqmzds-rustc-wrapper-1.97.1"
        },
        "aarch64-linux": {
          "outputs": [
            {
              "name": "out",
              "path": "/nix/store/bda3jw7479qjdsbfzawki0742yrlj0nj-rustc-wrapper-1.97.1",
              "default": true
            },
            {
              "name": "man",
              "path": "/nix/store/q1n5pbzblksxq0dy037wqx6rnjc3lxw3-rustc-wrapper-1.97.1-man",
              "default": true
            },
            {
              "name": "doc",
              "path": "/nix/store/zzc8w4yf4z4bkx2aypl7hlany6f5kqys-rustc-wrapper-1.97.1-doc"
            }
          ],
          "store_path": "/nix/store/bda3jw7479qjdsbfzawki0742yrlj0nj-rustc-wrapper-1.97.1"
        },
        "x86_64-linux": {
          "outputs": [
            {
              "name": "out",
              "path": "/nix/store/gf0kxr0014wbjmx5sh4mfjn83yabxkhw-rustc-wrapper-1.97.1",
              "default": true
            },
            {
              "name": "man",
              "path": "/nix/store/m14lki6gnq3klp6z1vhwzrscvvhg3hpz-rustc-wrapper-1.97.1-man",
              "default": true
            },
            {
              "name": "doc",
              "path": "/nix/store/8iads8jv6j40bkhal548jf6d964kv35a-rustc-wrapper-1.97.1-doc"
            }
          ],
          "store_path": "/nix/store/gf0kxr0014wbjmx5sh4mfjn83yabxkhw-rustc-wrapper-1.97.1"
        }
      }
    },
    "rustfmt@1.97.1": {
      "last_modified": "2026-08-01T16:34:20Z",
      "resolved": "github:NixOS/nixpkgs/a5cbcfe954791221bfffe2307f7d1a1bf61a871e#rustfmt",
      "source": "devbox-search",
      "version": "1.97.1",
      "systems": {
        "aarch64-darwin": {
          "outputs": [
            {
              "name": "out",
              "path": "/nix/store/wsh1i4q2zaxm9p9r1zg13rgwf01rg822-rustfmt-1.97.1",
              "default": true
            }
          ],
          "store_path": "/nix/store/wsh1i4q2zaxm9p9r1zg13rgwf01rg822-rustfmt-1.97.1"
        },
        "aarch64-linux": {
          "outputs": [
            {
              "name": "out",
              "path": "/nix/store/6xqc9q52b8ynry520950b2kbqwh84svj-rustfmt-1.97.1",
              "default": true
            }
          ],
          "store_path": "/nix/store/6xqc9q52b8ynry520950b2kbqwh84svj-rustfmt-1.97.1"
        },
        "x86_64-linux": {
          "outputs": [
            {
              "name": "out",
              "path": "/nix/store/96b7jb9ybpb4nhbg6ivrmm11a3gvhwqr-rustfmt-1.97.1",
              "default": true
            }
          ],
          "store_path": "/nix/store/96b7jb9ybpb4nhbg6ivrmm11a3gvhwqr-rustfmt-1.97.1"
        }
      }
    },
    "upcloud-cli@3.29.0": {
      "last_modified": "2026-08-01T16:34:20Z",
      "resolved": "github:NixOS/nixpkgs/a5cbcfe954791221bfffe2307f7d1a1bf61a871e#upcloud-cli",
      "source": "devbox-search",
      "version": "3.29.0",
      "systems": {
        "aarch64-darwin": {
          "outputs": [
            {
              "name": "out",
              "path": "/nix/store/5pwhm7fyb6r5nl26ajdvfn3gfa2fmybi-upcloud-cli-3.29.0",
              "default": true
            }
          ],
          "store_path": "/nix/store/5pwhm7fyb6r5nl26ajdvfn3gfa2fmybi-upcloud-cli-3.29.0"
        },
        "aarch64-linux": {
          "outputs": [
            {
              "name": "out",
              "path": "/nix/store/b9z0yp3la2zqdfgvjvwv9ynark05xpzv-upcloud-cli-3.29.0",
              "default": true
            }
          ],
          "store_path": "/nix/store/b9z0yp3la2zqdfgvjvwv9ynark05xpzv-upcloud-cli-3.29.0"
        },
        "x86_64-darwin": {
          "outputs": [
            {
              "name": "out",
              "path": "/nix/store/0lgr38ij34dn7zqa20yxm9ylr2rxz1ic-upcloud-cli-3.29.0",
              "default": true
            }
          ],
          "store_path": "/nix/store/0lgr38ij34dn7zqa20yxm9ylr2rxz1ic-upcloud-cli-3.29.0"
        },
        "x86_64-linux": {
          "outputs": [
            {
              "name": "out",
              "path": "/nix/store/kmsvqsgssyr23xkca0j7yfzbj6dwjjz6-upcloud-cli-3.29.0",
              "default": true
            }
          ],
          "store_path": "/nix/store/kmsvqsgssyr23xkca0j7yfzbj6dwjjz6-upcloud-cli-3.29.0"
        }
      }
    },
    "vals@0.45.0": {
      "last_modified": "2026-08-01T16:34:20Z",
      "resolved": "github:NixOS/nixpkgs/a5cbcfe954791221bfffe2307f7d1a1bf61a871e#vals",
      "source": "devbox-search",
      "version": "0.45.0",
      "systems": {
        "aarch64-darwin": {
          "outputs": [
            {
              "name": "out",
              "path": "/nix/store/ly5j9i93928pzvfy1mm9w7i85xgismga-vals-0.45.0",
              "default": true
            }
          ],
          "store_path": "/nix/store/ly5j9i93928pzvfy1mm9w7i85xgismga-vals-0.45.0"
        },
        "aarch64-linux": {
          "outputs": [
            {
              "name": "out",
              "path": "/nix/store/fgs7as3m9zfnbm7m3dkrn9w3dr8y9763-vals-0.45.0",
              "default": true
            }
          ],
          "store_path": "/nix/store/fgs7as3m9zfnbm7m3dkrn9w3dr8y9763-vals-0.45.0"
        },
        "x86_64-linux": {
          "outputs": [
            {
              "name": "out",
              "path": "/nix/store/v2g4nki05zk73h6fjx2mm9j6i2zz5v5i-vals-0.45.0",
              "default": true
            }
          ],
          "store_path": "/nix/store/v2g4nki05zk73h6fjx2mm9j6i2zz5v5i-vals-0.45.0"
        }
      }
    }
  }
}
